// !$*UTF8*$!
{
	archiveVersion = 1;
	classes = {
	};
	objectVersion = 55;
	objects = {

/* Begin PBXBuildFile section */
		5E1C08702ABA33C5005F02D0 /* API in Frameworks */ = {isa = PBXBuildFile; productRef = 5E1C086F2ABA33C5005F02D0 /* API */; };
		5E2E0D192AAD2CB6003FC029 /* Persistence.swift in Sources */ = {isa = PBXBuildFile; fileRef = 5E2E0D182AAD2CB6003FC029 /* Persistence.swift */; };
		5E2E0D1C2AAD301A003FC029 /* SignIn.ViewScreen.swift in Sources */ = {isa = PBXBuildFile; fileRef = 5E2E0D1B2AAD301A003FC029 /* SignIn.ViewScreen.swift */; };
		5E337A012AC7A8820040BE0F /* Color+RGB.swift in Sources */ = {isa = PBXBuildFile; fileRef = 5E337A002AC7A8820040BE0F /* Color+RGB.swift */; };
		5E337A032AC7A8900040BE0F /* Colors.swift in Sources */ = {isa = PBXBuildFile; fileRef = 5E337A022AC7A8900040BE0F /* Colors.swift */; };
		5E3610EB2B58395E0021675F /* SuffixSequence.swift in Sources */ = {isa = PBXBuildFile; fileRef = 5E3610EA2B58395E0021675F /* SuffixSequence.swift */; };
		5E40F8D42AAD55B1007A41F6 /* SignIn.View.swift in Sources */ = {isa = PBXBuildFile; fileRef = 5EF899E028F39A1500D43E65 /* SignIn.View.swift */; };
		5E4E7F462AFED80500C1F996 /* CurrentValueSubject+binding.swift in Sources */ = {isa = PBXBuildFile; fileRef = 5E4E7F452AFED80500C1F996 /* CurrentValueSubject+binding.swift */; };
		5E4E7F482B0120EC00C1F996 /* Explore.Service.swift in Sources */ = {isa = PBXBuildFile; fileRef = 5E4E7F472B0120EC00C1F996 /* Explore.Service.swift */; };
		5E4ECD4728E385D80080DE1D /* AppDelegate.swift in Sources */ = {isa = PBXBuildFile; fileRef = 5E4ECD4628E385D80080DE1D /* AppDelegate.swift */; };
		5E4ECD4928E385D80080DE1D /* SceneDelegate.swift in Sources */ = {isa = PBXBuildFile; fileRef = 5E4ECD4828E385D80080DE1D /* SceneDelegate.swift */; };
		5E4ECD5128E385D80080DE1D /* Instagram.xcdatamodeld in Sources */ = {isa = PBXBuildFile; fileRef = 5E4ECD4F28E385D80080DE1D /* Instagram.xcdatamodeld */; };
		5E4ECD5328E385D90080DE1D /* Assets.xcassets in Resources */ = {isa = PBXBuildFile; fileRef = 5E4ECD5228E385D90080DE1D /* Assets.xcassets */; };
		5E4ECD5628E385D90080DE1D /* LaunchScreen.storyboard in Resources */ = {isa = PBXBuildFile; fileRef = 5E4ECD5428E385D90080DE1D /* LaunchScreen.storyboard */; };
		5E4ECD6128E385DA0080DE1D /* my_messengerTests.swift in Sources */ = {isa = PBXBuildFile; fileRef = 5E4ECD6028E385DA0080DE1D /* my_messengerTests.swift */; };
		5E4ECD6B28E385DA0080DE1D /* my_messengerUITests.swift in Sources */ = {isa = PBXBuildFile; fileRef = 5E4ECD6A28E385DA0080DE1D /* my_messengerUITests.swift */; };
		5E4ECD6D28E385DA0080DE1D /* my_messengerUITestsLaunchTests.swift in Sources */ = {isa = PBXBuildFile; fileRef = 5E4ECD6C28E385DA0080DE1D /* my_messengerUITestsLaunchTests.swift */; };
		5E991BDF2B0AF5C0008E38EF /* ServiceLocator in Frameworks */ = {isa = PBXBuildFile; productRef = 5E991BDE2B0AF5C0008E38EF /* ServiceLocator */; };
		5ED222E42AFB153A00542389 /* Explore.AnimalViewModel.swift in Sources */ = {isa = PBXBuildFile; fileRef = 5ED222E32AFB153A00542389 /* Explore.AnimalViewModel.swift */; };
		5EE6AEF82AB28766004DD0DD /* Home.Screen.swift in Sources */ = {isa = PBXBuildFile; fileRef = 5EE6AEF72AB28766004DD0DD /* Home.Screen.swift */; };
		5EE6AEFB2AB288E8004DD0DD /* Explore.Screen.swift in Sources */ = {isa = PBXBuildFile; fileRef = 5EE6AEFA2AB288E8004DD0DD /* Explore.Screen.swift */; };
		5EE6AEFF2AB28A56004DD0DD /* Notifications.Screen.swift in Sources */ = {isa = PBXBuildFile; fileRef = 5EE6AEFE2AB28A56004DD0DD /* Notifications.Screen.swift */; };
		5EE6AF012AB28A65004DD0DD /* Profile.Screen.swift in Sources */ = {isa = PBXBuildFile; fileRef = 5EE6AF002AB28A65004DD0DD /* Profile.Screen.swift */; };
		5EE6AF052AB28D20004DD0DD /* SignUp.Screen.swift in Sources */ = {isa = PBXBuildFile; fileRef = 5EE6AF042AB28D20004DD0DD /* SignUp.Screen.swift */; };
		5EE6AF082AB3D4F9004DD0DD /* Settings.swift in Sources */ = {isa = PBXBuildFile; fileRef = 5EE6AF072AB3D4F9004DD0DD /* Settings.swift */; };
		5EE6AF0A2AB3D525004DD0DD /* Settings.Factory.swift in Sources */ = {isa = PBXBuildFile; fileRef = 5EE6AF092AB3D525004DD0DD /* Settings.Factory.swift */; };
		5EE6AF0C2AB3D52C004DD0DD /* Settings.Coordinator.swift in Sources */ = {isa = PBXBuildFile; fileRef = 5EE6AF0B2AB3D52C004DD0DD /* Settings.Coordinator.swift */; };
		5EE6AF112AB3D5E8004DD0DD /* Settings.ViewController.swift in Sources */ = {isa = PBXBuildFile; fileRef = 5EE6AF102AB3D5E8004DD0DD /* Settings.ViewController.swift */; };
		5EE6AF132AB3D61E004DD0DD /* Settings.Screen.swift in Sources */ = {isa = PBXBuildFile; fileRef = 5EE6AF122AB3D61E004DD0DD /* Settings.Screen.swift */; };
		5EE6AF152AB3D881004DD0DD /* Settings.Localization.swift in Sources */ = {isa = PBXBuildFile; fileRef = 5EE6AF142AB3D881004DD0DD /* Settings.Localization.swift */; };
		5EE6AF172AB7600E004DD0DD /* Profile.ViewModel.swift in Sources */ = {isa = PBXBuildFile; fileRef = 5EE6AF162AB7600E004DD0DD /* Profile.ViewModel.swift */; };
		5EE6AF1B2AB767EA004DD0DD /* Notifications.ViewModel.swift in Sources */ = {isa = PBXBuildFile; fileRef = 5EE6AF1A2AB767EA004DD0DD /* Notifications.ViewModel.swift */; };
		5EE6AF1D2AB775D7004DD0DD /* Notifications.Localization.swift in Sources */ = {isa = PBXBuildFile; fileRef = 5EE6AF1C2AB775D7004DD0DD /* Notifications.Localization.swift */; };
		5EE6AF202AB784B5004DD0DD /* View+eraseToAnyView.swift in Sources */ = {isa = PBXBuildFile; fileRef = 5EE6AF1F2AB784B5004DD0DD /* View+eraseToAnyView.swift */; };
		5EF899C428F35C8900D43E65 /* SignIn.swift in Sources */ = {isa = PBXBuildFile; fileRef = 5EF899C328F35C8900D43E65 /* SignIn.swift */; };
		5EF899C828F35D3B00D43E65 /* SignIn.Coordinator.swift in Sources */ = {isa = PBXBuildFile; fileRef = 5EF899C728F35D3B00D43E65 /* SignIn.Coordinator.swift */; };
		5EF899CA28F3666800D43E65 /* SignIn.Factory.swift in Sources */ = {isa = PBXBuildFile; fileRef = 5EF899C928F3666800D43E65 /* SignIn.Factory.swift */; };
		5EF899CC28F36ADE00D43E65 /* SignInOutputProtocol.swift in Sources */ = {isa = PBXBuildFile; fileRef = 5EF899CB28F36ADE00D43E65 /* SignInOutputProtocol.swift */; };
		5EF899CE28F3718A00D43E65 /* SignInInputProtocol.swift in Sources */ = {isa = PBXBuildFile; fileRef = 5EF899CD28F3718A00D43E65 /* SignInInputProtocol.swift */; };
		5EF899D028F37BEF00D43E65 /* SignIn.ViewModel.swift in Sources */ = {isa = PBXBuildFile; fileRef = 5EF899CF28F37BEF00D43E65 /* SignIn.ViewModel.swift */; };
		5EF899DD28F3968200D43E65 /* SceneDelegate.Factory.swift in Sources */ = {isa = PBXBuildFile; fileRef = 5EF899DC28F3968200D43E65 /* SceneDelegate.Factory.swift */; };
		5EF899DF28F399CE00D43E65 /* SignIn.ViewController.swift in Sources */ = {isa = PBXBuildFile; fileRef = 5EF899DE28F399CE00D43E65 /* SignIn.ViewController.swift */; };
		EF0D72B628E3A076004D04F5 /* FirebaseAnalytics in Frameworks */ = {isa = PBXBuildFile; productRef = EF0D72B528E3A076004D04F5 /* FirebaseAnalytics */; };
		EF0D72B828E3A076004D04F5 /* FirebaseAnalyticsSwift in Frameworks */ = {isa = PBXBuildFile; productRef = EF0D72B728E3A076004D04F5 /* FirebaseAnalyticsSwift */; };
		EF0D72BA28E3A076004D04F5 /* FirebaseAuth in Frameworks */ = {isa = PBXBuildFile; productRef = EF0D72B928E3A076004D04F5 /* FirebaseAuth */; };
		EF0D72BC28E3A076004D04F5 /* FirebaseAuthCombine-Community in Frameworks */ = {isa = PBXBuildFile; productRef = EF0D72BB28E3A076004D04F5 /* FirebaseAuthCombine-Community */; };
		EF0D72BE28E3A076004D04F5 /* FirebaseCrashlytics in Frameworks */ = {isa = PBXBuildFile; productRef = EF0D72BD28E3A076004D04F5 /* FirebaseCrashlytics */; };
		EF0D72C028E3A076004D04F5 /* FirebaseDatabase in Frameworks */ = {isa = PBXBuildFile; productRef = EF0D72BF28E3A076004D04F5 /* FirebaseDatabase */; };
		EF0D72C228E3A076004D04F5 /* FirebaseDatabaseSwift in Frameworks */ = {isa = PBXBuildFile; productRef = EF0D72C128E3A076004D04F5 /* FirebaseDatabaseSwift */; };
		EF0D72C428E3A076004D04F5 /* FirebaseRemoteConfig in Frameworks */ = {isa = PBXBuildFile; productRef = EF0D72C328E3A076004D04F5 /* FirebaseRemoteConfig */; };
		EF0D72C628E3A076004D04F5 /* FirebaseRemoteConfigSwift in Frameworks */ = {isa = PBXBuildFile; productRef = EF0D72C528E3A076004D04F5 /* FirebaseRemoteConfigSwift */; };
		EF0D72C828E3A076004D04F5 /* FirebaseStorage in Frameworks */ = {isa = PBXBuildFile; productRef = EF0D72C728E3A076004D04F5 /* FirebaseStorage */; };
		EF0D72CA28E3A076004D04F5 /* FirebaseStorageCombine-Community in Frameworks */ = {isa = PBXBuildFile; productRef = EF0D72C928E3A076004D04F5 /* FirebaseStorageCombine-Community */; };
		EF0D72CD28E642D2004D04F5 /* GoogleService-Info.plist in Resources */ = {isa = PBXBuildFile; fileRef = EF0D72CC28E642D2004D04F5 /* GoogleService-Info.plist */; };
		EF25D64B293930C000AA7225 /* SignUp.swift in Sources */ = {isa = PBXBuildFile; fileRef = EF25D64A293930C000AA7225 /* SignUp.swift */; };
		EF25D64D293930CF00AA7225 /* SignUp.Factory.swift in Sources */ = {isa = PBXBuildFile; fileRef = EF25D64C293930CF00AA7225 /* SignUp.Factory.swift */; };
		EF25D64F293930E000AA7225 /* SignUp.Coordinator.swift in Sources */ = {isa = PBXBuildFile; fileRef = EF25D64E293930E000AA7225 /* SignUp.Coordinator.swift */; };
		EF25D651293930EB00AA7225 /* SignUp.Localization.swift in Sources */ = {isa = PBXBuildFile; fileRef = EF25D650293930EB00AA7225 /* SignUp.Localization.swift */; };
		EF25D660293BDB6400AA7225 /* SignUp.ViewModel.swift in Sources */ = {isa = PBXBuildFile; fileRef = EF25D65F293BDB6400AA7225 /* SignUp.ViewModel.swift */; };
		EF25D662293CCFD900AA7225 /* SignUp.ViewController.swift in Sources */ = {isa = PBXBuildFile; fileRef = EF25D661293CCFD900AA7225 /* SignUp.ViewController.swift */; };
		EF25D664293CDB6B00AA7225 /* SignUp.View.swift in Sources */ = {isa = PBXBuildFile; fileRef = EF25D663293CDB6B00AA7225 /* SignUp.View.swift */; };
		EF3F357E28E65D3300F668B4 /* AuthService.swift in Sources */ = {isa = PBXBuildFile; fileRef = EF3F357D28E65D3300F668B4 /* AuthService.swift */; };
		EF3F358028E65D4500F668B4 /* DatabaseService.swift in Sources */ = {isa = PBXBuildFile; fileRef = EF3F357F28E65D4500F668B4 /* DatabaseService.swift */; };
		EF3F358228E65D8A00F668B4 /* StorageService.swift in Sources */ = {isa = PBXBuildFile; fileRef = EF3F358128E65D8A00F668B4 /* StorageService.swift */; };
		EF3F358428E65DAA00F668B4 /* AnalyticsService.swift in Sources */ = {isa = PBXBuildFile; fileRef = EF3F358328E65DAA00F668B4 /* AnalyticsService.swift */; };
		EF3F358628E65DBA00F668B4 /* HapticsService.swift in Sources */ = {isa = PBXBuildFile; fileRef = EF3F358528E65DBA00F668B4 /* HapticsService.swift */; };
		EF3F358928E65F2500F668B4 /* FirebaseFirestore in Frameworks */ = {isa = PBXBuildFile; productRef = EF3F358828E65F2500F668B4 /* FirebaseFirestore */; };
		EF3F358B28E65F2500F668B4 /* FirebaseFirestoreCombine-Community in Frameworks */ = {isa = PBXBuildFile; productRef = EF3F358A28E65F2500F668B4 /* FirebaseFirestoreCombine-Community */; };
		EF4803EB2AB222C60076CFBF /* Main.Screen.swift in Sources */ = {isa = PBXBuildFile; fileRef = EF4803EA2AB222C60076CFBF /* Main.Screen.swift */; };
		EF4803F22AB244610076CFBF /* Camera.Screen.swift in Sources */ = {isa = PBXBuildFile; fileRef = EF4803F12AB244610076CFBF /* Camera.Screen.swift */; };
		EF4803F82AB37AC30076CFBF /* DesignSystem in Frameworks */ = {isa = PBXBuildFile; productRef = EF4803F72AB37AC30076CFBF /* DesignSystem */; };
		EF67DC002901E05C007E30C2 /* GradientImageView.swift in Sources */ = {isa = PBXBuildFile; fileRef = EF67DBFF2901E05C007E30C2 /* GradientImageView.swift */; };
		EF67DC02290A09D6007E30C2 /* SignIn.Localization.swift in Sources */ = {isa = PBXBuildFile; fileRef = EF67DC01290A09D5007E30C2 /* SignIn.Localization.swift */; };
		EF67DC06290A0A2C007E30C2 /* Localizable.strings in Resources */ = {isa = PBXBuildFile; fileRef = EF67DC08290A0A2C007E30C2 /* Localizable.strings */; };
		EF67DC0C290A0D2A007E30C2 /* Localized.swift in Sources */ = {isa = PBXBuildFile; fileRef = EF67DC0B290A0D2A007E30C2 /* Localized.swift */; };
		EF67DC12290A0D99007E30C2 /* Localization.swift in Sources */ = {isa = PBXBuildFile; fileRef = EF67DC11290A0D99007E30C2 /* Localization.swift */; };
		EF67DC14290A10B6007E30C2 /* String+Localization.swift in Sources */ = {isa = PBXBuildFile; fileRef = EF67DC13290A10B6007E30C2 /* String+Localization.swift */; };
		EF67DC18290EFA9E007E30C2 /* UIView+Extentions.swift in Sources */ = {isa = PBXBuildFile; fileRef = EF67DC17290EFA9E007E30C2 /* UIView+Extentions.swift */; };
		EF67DC1A290F02A5007E30C2 /* UIColor+RGB.swift in Sources */ = {isa = PBXBuildFile; fileRef = EF67DC19290F02A5007E30C2 /* UIColor+RGB.swift */; };
		EF67DC1C2913236E007E30C2 /* Appearance.swift in Sources */ = {isa = PBXBuildFile; fileRef = EF67DC1B2913236E007E30C2 /* Appearance.swift */; };
		EF67DC1E29133507007E30C2 /* AutoLayoutDSL.swift in Sources */ = {isa = PBXBuildFile; fileRef = EF67DC1D29133507007E30C2 /* AutoLayoutDSL.swift */; };
		EF772D3E2924111E009C6DF1 /* textAttributesTransformer.swift in Sources */ = {isa = PBXBuildFile; fileRef = EF772D3D2924111E009C6DF1 /* textAttributesTransformer.swift */; };
		EF772D422924199F009C6DF1 /* Home.Factory.swift in Sources */ = {isa = PBXBuildFile; fileRef = EF772D402924199F009C6DF1 /* Home.Factory.swift */; };
		EF772D432924199F009C6DF1 /* Home.swift in Sources */ = {isa = PBXBuildFile; fileRef = EF772D412924199F009C6DF1 /* Home.swift */; };
		EF7EA88C2943C335003DF8A1 /* Main.Coordinator.swift in Sources */ = {isa = PBXBuildFile; fileRef = EF7EA88B2943C335003DF8A1 /* Main.Coordinator.swift */; };
		EF8EABE42AE9D2D3007ADB0A /* Camera.ViewModel.swift in Sources */ = {isa = PBXBuildFile; fileRef = EF8EABE32AE9D2D3007ADB0A /* Camera.ViewModel.swift */; };
		EF8EABE62AE9D2EC007ADB0A /* Explore.ViewModel.swift in Sources */ = {isa = PBXBuildFile; fileRef = EF8EABE52AE9D2EC007ADB0A /* Explore.ViewModel.swift */; };
		EF8EABE82AE9D2FD007ADB0A /* Home.ViewModel.swift in Sources */ = {isa = PBXBuildFile; fileRef = EF8EABE72AE9D2FD007ADB0A /* Home.ViewModel.swift */; };
		EF903B4C2923FB2400B4BFBB /* buttonAppereance.swift in Sources */ = {isa = PBXBuildFile; fileRef = EF903B4B2923FB2400B4BFBB /* buttonAppereance.swift */; };
		EF903B4F2923FED800B4BFBB /* image.swift in Sources */ = {isa = PBXBuildFile; fileRef = EF903B4E2923FED800B4BFBB /* image.swift */; };
		EF903B54292401C400B4BFBB /* ButtonBuilder.swift in Sources */ = {isa = PBXBuildFile; fileRef = EF903B53292401C400B4BFBB /* ButtonBuilder.swift */; };
		EF903B57292408D000B4BFBB /* ViewModelProtocol.swift in Sources */ = {isa = PBXBuildFile; fileRef = EF903B55292408CE00B4BFBB /* ViewModelProtocol.swift */; };
		EF903B58292408D000B4BFBB /* CoordinatorProtocol.swift in Sources */ = {isa = PBXBuildFile; fileRef = EF903B56292408CE00B4BFBB /* CoordinatorProtocol.swift */; };
		EFA2CEEE2932B675007BB0C6 /* TextDivider.swift in Sources */ = {isa = PBXBuildFile; fileRef = EFA2CEED2932B675007BB0C6 /* TextDivider.swift */; };
		EFA2CEF02932BB67007BB0C6 /* Divider.swift in Sources */ = {isa = PBXBuildFile; fileRef = EFA2CEEF2932BB67007BB0C6 /* Divider.swift */; };
		EFA2CEF329342F3E007BB0C6 /* ApplicationCoordinator.swift in Sources */ = {isa = PBXBuildFile; fileRef = EFA2CEF229342F3E007BB0C6 /* ApplicationCoordinator.swift */; };
		EFA2CEF629378C6C007BB0C6 /* UIButton+Extentions.swift in Sources */ = {isa = PBXBuildFile; fileRef = EFA2CEF529378C6C007BB0C6 /* UIButton+Extentions.swift */; };
		EFA2CF032937C497007BB0C6 /* Publisher+Extentions.swift in Sources */ = {isa = PBXBuildFile; fileRef = EFA2CF022937C497007BB0C6 /* Publisher+Extentions.swift */; };
		EFDE0CCF2AA8E56000899788 /* AvailabilityProtocol.swift in Sources */ = {isa = PBXBuildFile; fileRef = EFDE0CCE2AA8E56000899788 /* AvailabilityProtocol.swift */; };
		EFDE0CD12AA91E6D00899788 /* AvailabilityFacade.swift in Sources */ = {isa = PBXBuildFile; fileRef = EFDE0CD02AA91E6D00899788 /* AvailabilityFacade.swift */; };
		EFDE0CD52AA91F3600899788 /* AvailabilityFeatureKey.swift in Sources */ = {isa = PBXBuildFile; fileRef = EFDE0CD42AA91F3600899788 /* AvailabilityFeatureKey.swift */; };
		EFDE0CD82AA9204A00899788 /* AvailabilityFeatureKey+local.swift in Sources */ = {isa = PBXBuildFile; fileRef = EFDE0CD72AA9204A00899788 /* AvailabilityFeatureKey+local.swift */; };
		EFDE0CDA2AA9206B00899788 /* AvailabilityFeatureKey+remote.swift in Sources */ = {isa = PBXBuildFile; fileRef = EFDE0CD92AA9206B00899788 /* AvailabilityFeatureKey+remote.swift */; };
		EFDE0CDC2AA9209300899788 /* AvailabilityFeatureKey+providers.swift in Sources */ = {isa = PBXBuildFile; fileRef = EFDE0CDB2AA9209300899788 /* AvailabilityFeatureKey+providers.swift */; };
		EFE4D5882A258B950029E2F7 /* Main.Router.swift in Sources */ = {isa = PBXBuildFile; fileRef = EFE4D5872A258B950029E2F7 /* Main.Router.swift */; };
		EFE752EF291B14A900FC0742 /* String+Validation.swift in Sources */ = {isa = PBXBuildFile; fileRef = EFE752EE291B14A900FC0742 /* String+Validation.swift */; };
		EFE752F5291B2D5500FC0742 /* RegExpBuilder.swift in Sources */ = {isa = PBXBuildFile; fileRef = EFE752F4291B2D5500FC0742 /* RegExpBuilder.swift */; };
		EFE77FA629207F8B00EC45E8 /* CustomSubscription.swift in Sources */ = {isa = PBXBuildFile; fileRef = EFE77FA529207F8B00EC45E8 /* CustomSubscription.swift */; };
		EFE77FA82920909E00EC45E8 /* UITextField+Combine.swift in Sources */ = {isa = PBXBuildFile; fileRef = EFE77FA72920909E00EC45E8 /* UITextField+Combine.swift */; };
		EFE77FAB2921B82300EC45E8 /* CombineCocoa in Frameworks */ = {isa = PBXBuildFile; productRef = EFE77FAA2921B82300EC45E8 /* CombineCocoa */; };
		EFF80D7528F708F500F830FB /* BindableProtocol.swift in Sources */ = {isa = PBXBuildFile; fileRef = EFF80D7428F708F500F830FB /* BindableProtocol.swift */; };
		EFF80D7728F7193500F830FB /* CancelBag.swift in Sources */ = {isa = PBXBuildFile; fileRef = EFF80D7628F7193500F830FB /* CancelBag.swift */; };
		EFF80D7C28F72FF200F830FB /* MainController.swift in Sources */ = {isa = PBXBuildFile; fileRef = EFF80D7B28F72FF200F830FB /* MainController.swift */; };
		EFF80D7E28F733F400F830FB /* Main.swift in Sources */ = {isa = PBXBuildFile; fileRef = EFF80D7D28F733F400F830FB /* Main.swift */; };
		EFF80D8228F7370300F830FB /* Main.Factory.swift in Sources */ = {isa = PBXBuildFile; fileRef = EFF80D8128F7370300F830FB /* Main.Factory.swift */; };
		EFF80D8D28F7431200F830FB /* Explore.swift in Sources */ = {isa = PBXBuildFile; fileRef = EFF80D8C28F7431200F830FB /* Explore.swift */; };
		EFF80D8F28F7432100F830FB /* Camera.swift in Sources */ = {isa = PBXBuildFile; fileRef = EFF80D8E28F7432100F830FB /* Camera.swift */; };
		EFF80D9128F7466900F830FB /* Notifications.swift in Sources */ = {isa = PBXBuildFile; fileRef = EFF80D9028F7466900F830FB /* Notifications.swift */; };
		EFF80D9328F7467600F830FB /* Profile.swift in Sources */ = {isa = PBXBuildFile; fileRef = EFF80D9228F7467600F830FB /* Profile.swift */; };
		EFF80D9728F74A4000F830FB /* Explore.Factory.swift in Sources */ = {isa = PBXBuildFile; fileRef = EFF80D9628F74A4000F830FB /* Explore.Factory.swift */; };
		EFF80D9928F74A4900F830FB /* Camera.Factory.swift in Sources */ = {isa = PBXBuildFile; fileRef = EFF80D9828F74A4900F830FB /* Camera.Factory.swift */; };
		EFF80D9B28F74A5600F830FB /* Notifications.Factory.swift in Sources */ = {isa = PBXBuildFile; fileRef = EFF80D9A28F74A5600F830FB /* Notifications.Factory.swift */; };
		EFF80D9D28F74A6100F830FB /* Profile.Factory.swift in Sources */ = {isa = PBXBuildFile; fileRef = EFF80D9C28F74A6100F830FB /* Profile.Factory.swift */; };
		EFF80DAD28F76C3300F830FB /* Camera.ViewController.swift in Sources */ = {isa = PBXBuildFile; fileRef = EFF80DAC28F76C3300F830FB /* Camera.ViewController.swift */; };
		EFF80DAF28F76C4300F830FB /* Explore.ViewController.swift in Sources */ = {isa = PBXBuildFile; fileRef = EFF80DAE28F76C4300F830FB /* Explore.ViewController.swift */; };
		EFF80DB628F76E8100F830FB /* Profile.Coordinator.swift in Sources */ = {isa = PBXBuildFile; fileRef = EFF80DB528F76E8100F830FB /* Profile.Coordinator.swift */; };
		EFF80DB828F76E8E00F830FB /* Notifications.Coordinator.swift in Sources */ = {isa = PBXBuildFile; fileRef = EFF80DB728F76E8E00F830FB /* Notifications.Coordinator.swift */; };
		EFF80DBA28F76E9D00F830FB /* Camera.Coordinator.swift in Sources */ = {isa = PBXBuildFile; fileRef = EFF80DB928F76E9D00F830FB /* Camera.Coordinator.swift */; };
		EFF80DBC28F7705C00F830FB /* Explore.Coordinator.swift in Sources */ = {isa = PBXBuildFile; fileRef = EFF80DBB28F7705C00F830FB /* Explore.Coordinator.swift */; };
		EFF80DBE28F7706900F830FB /* Home.Coordinator.swift in Sources */ = {isa = PBXBuildFile; fileRef = EFF80DBD28F7706900F830FB /* Home.Coordinator.swift */; };
		EFF80DC028F7958200F830FB /* Home.ViewController.swift in Sources */ = {isa = PBXBuildFile; fileRef = EFF80DBF28F7958200F830FB /* Home.ViewController.swift */; };
		EFF80DC228F7960000F830FB /* Profile.ViewController.swift in Sources */ = {isa = PBXBuildFile; fileRef = EFF80DC128F7960000F830FB /* Profile.ViewController.swift */; };
		EFF80DC428F796F700F830FB /* Notifications.ViewController.swift in Sources */ = {isa = PBXBuildFile; fileRef = EFF80DC328F796F700F830FB /* Notifications.ViewController.swift */; };
/* End PBXBuildFile section */

/* Begin PBXContainerItemProxy section */
		5E4ECD5D28E385DA0080DE1D /* PBXContainerItemProxy */ = {
			isa = PBXContainerItemProxy;
			containerPortal = 5E4ECD3B28E385D80080DE1D /* Project object */;
			proxyType = 1;
			remoteGlobalIDString = 5E4ECD4228E385D80080DE1D;
			remoteInfo = Instagram;
		};
		5E4ECD6728E385DA0080DE1D /* PBXContainerItemProxy */ = {
			isa = PBXContainerItemProxy;
			containerPortal = 5E4ECD3B28E385D80080DE1D /* Project object */;
			proxyType = 1;
			remoteGlobalIDString = 5E4ECD4228E385D80080DE1D;
			remoteInfo = Instagram;
		};
/* End PBXContainerItemProxy section */

/* Begin PBXFileReference section */
		5E1C086E2ABA330D005F02D0 /* API */ = {isa = PBXFileReference; lastKnownFileType = wrapper; path = API; sourceTree = "<group>"; };
		5E2E0D182AAD2CB6003FC029 /* Persistence.swift */ = {isa = PBXFileReference; lastKnownFileType = sourcecode.swift; path = Persistence.swift; sourceTree = "<group>"; };
		5E2E0D1B2AAD301A003FC029 /* SignIn.ViewScreen.swift */ = {isa = PBXFileReference; lastKnownFileType = sourcecode.swift; path = SignIn.ViewScreen.swift; sourceTree = "<group>"; };
		5E337A002AC7A8820040BE0F /* Color+RGB.swift */ = {isa = PBXFileReference; lastKnownFileType = sourcecode.swift; path = "Color+RGB.swift"; sourceTree = "<group>"; };
		5E337A022AC7A8900040BE0F /* Colors.swift */ = {isa = PBXFileReference; lastKnownFileType = sourcecode.swift; path = Colors.swift; sourceTree = "<group>"; };
		5E3610EA2B58395E0021675F /* SuffixSequence.swift */ = {isa = PBXFileReference; lastKnownFileType = sourcecode.swift; path = SuffixSequence.swift; sourceTree = "<group>"; };
		5E4E7F452AFED80500C1F996 /* CurrentValueSubject+binding.swift */ = {isa = PBXFileReference; lastKnownFileType = sourcecode.swift; path = "CurrentValueSubject+binding.swift"; sourceTree = "<group>"; };
		5E4E7F472B0120EC00C1F996 /* Explore.Service.swift */ = {isa = PBXFileReference; lastKnownFileType = sourcecode.swift; path = Explore.Service.swift; sourceTree = "<group>"; };
		5E4ECD4328E385D80080DE1D /* my_messenger.app */ = {isa = PBXFileReference; explicitFileType = wrapper.application; includeInIndex = 0; path = my_messenger.app; sourceTree = BUILT_PRODUCTS_DIR; };
		5E4ECD4628E385D80080DE1D /* AppDelegate.swift */ = {isa = PBXFileReference; lastKnownFileType = sourcecode.swift; path = AppDelegate.swift; sourceTree = "<group>"; };
		5E4ECD4828E385D80080DE1D /* SceneDelegate.swift */ = {isa = PBXFileReference; lastKnownFileType = sourcecode.swift; path = SceneDelegate.swift; sourceTree = "<group>"; };
		5E4ECD5028E385D80080DE1D /* Instagram.xcdatamodel */ = {isa = PBXFileReference; lastKnownFileType = wrapper.xcdatamodel; path = Instagram.xcdatamodel; sourceTree = "<group>"; };
		5E4ECD5228E385D90080DE1D /* Assets.xcassets */ = {isa = PBXFileReference; lastKnownFileType = folder.assetcatalog; path = Assets.xcassets; sourceTree = "<group>"; };
		5E4ECD5528E385D90080DE1D /* Base */ = {isa = PBXFileReference; lastKnownFileType = file.storyboard; name = Base; path = Base.lproj/LaunchScreen.storyboard; sourceTree = "<group>"; };
		5E4ECD5728E385D90080DE1D /* Info.plist */ = {isa = PBXFileReference; lastKnownFileType = text.plist.xml; path = Info.plist; sourceTree = "<group>"; };
		5E4ECD5C28E385DA0080DE1D /* my_messengerTests.xctest */ = {isa = PBXFileReference; explicitFileType = wrapper.cfbundle; includeInIndex = 0; path = my_messengerTests.xctest; sourceTree = BUILT_PRODUCTS_DIR; };
		5E4ECD6028E385DA0080DE1D /* my_messengerTests.swift */ = {isa = PBXFileReference; lastKnownFileType = sourcecode.swift; path = my_messengerTests.swift; sourceTree = "<group>"; };
		5E4ECD6628E385DA0080DE1D /* my_messengerUITests.xctest */ = {isa = PBXFileReference; explicitFileType = wrapper.cfbundle; includeInIndex = 0; path = my_messengerUITests.xctest; sourceTree = BUILT_PRODUCTS_DIR; };
		5E4ECD6A28E385DA0080DE1D /* my_messengerUITests.swift */ = {isa = PBXFileReference; lastKnownFileType = sourcecode.swift; path = my_messengerUITests.swift; sourceTree = "<group>"; };
		5E4ECD6C28E385DA0080DE1D /* my_messengerUITestsLaunchTests.swift */ = {isa = PBXFileReference; lastKnownFileType = sourcecode.swift; path = my_messengerUITestsLaunchTests.swift; sourceTree = "<group>"; };
		5E819D632AE83A1200F659F0 /* Log */ = {isa = PBXFileReference; lastKnownFileType = wrapper; path = Log; sourceTree = "<group>"; };
		5E991BDD2B0AEF92008E38EF /* ServiceLocator */ = {isa = PBXFileReference; lastKnownFileType = wrapper; path = ServiceLocator; sourceTree = "<group>"; };
		5ED222E32AFB153A00542389 /* Explore.AnimalViewModel.swift */ = {isa = PBXFileReference; lastKnownFileType = sourcecode.swift; path = Explore.AnimalViewModel.swift; sourceTree = "<group>"; };
		5EE6AEF72AB28766004DD0DD /* Home.Screen.swift */ = {isa = PBXFileReference; lastKnownFileType = sourcecode.swift; path = Home.Screen.swift; sourceTree = "<group>"; };
		5EE6AEFA2AB288E8004DD0DD /* Explore.Screen.swift */ = {isa = PBXFileReference; lastKnownFileType = sourcecode.swift; path = Explore.Screen.swift; sourceTree = "<group>"; };
		5EE6AEFE2AB28A56004DD0DD /* Notifications.Screen.swift */ = {isa = PBXFileReference; lastKnownFileType = sourcecode.swift; path = Notifications.Screen.swift; sourceTree = "<group>"; };
		5EE6AF002AB28A65004DD0DD /* Profile.Screen.swift */ = {isa = PBXFileReference; lastKnownFileType = sourcecode.swift; path = Profile.Screen.swift; sourceTree = "<group>"; };
		5EE6AF042AB28D20004DD0DD /* SignUp.Screen.swift */ = {isa = PBXFileReference; lastKnownFileType = sourcecode.swift; path = SignUp.Screen.swift; sourceTree = "<group>"; };
		5EE6AF072AB3D4F9004DD0DD /* Settings.swift */ = {isa = PBXFileReference; lastKnownFileType = sourcecode.swift; path = Settings.swift; sourceTree = "<group>"; };
		5EE6AF092AB3D525004DD0DD /* Settings.Factory.swift */ = {isa = PBXFileReference; lastKnownFileType = sourcecode.swift; path = Settings.Factory.swift; sourceTree = "<group>"; };
		5EE6AF0B2AB3D52C004DD0DD /* Settings.Coordinator.swift */ = {isa = PBXFileReference; lastKnownFileType = sourcecode.swift; path = Settings.Coordinator.swift; sourceTree = "<group>"; };
		5EE6AF102AB3D5E8004DD0DD /* Settings.ViewController.swift */ = {isa = PBXFileReference; lastKnownFileType = sourcecode.swift; path = Settings.ViewController.swift; sourceTree = "<group>"; };
		5EE6AF122AB3D61E004DD0DD /* Settings.Screen.swift */ = {isa = PBXFileReference; lastKnownFileType = sourcecode.swift; path = Settings.Screen.swift; sourceTree = "<group>"; };
		5EE6AF142AB3D881004DD0DD /* Settings.Localization.swift */ = {isa = PBXFileReference; lastKnownFileType = sourcecode.swift; path = Settings.Localization.swift; sourceTree = "<group>"; };
		5EE6AF162AB7600E004DD0DD /* Profile.ViewModel.swift */ = {isa = PBXFileReference; lastKnownFileType = sourcecode.swift; name = Profile.ViewModel.swift; path = my_messenger/Flows/Profile/ViewModel/Profile.ViewModel.swift; sourceTree = SOURCE_ROOT; };
		5EE6AF1A2AB767EA004DD0DD /* Notifications.ViewModel.swift */ = {isa = PBXFileReference; lastKnownFileType = sourcecode.swift; name = Notifications.ViewModel.swift; path = my_messenger/Flows/Settings/Notifications.ViewModel.swift; sourceTree = SOURCE_ROOT; };
		5EE6AF1C2AB775D7004DD0DD /* Notifications.Localization.swift */ = {isa = PBXFileReference; lastKnownFileType = sourcecode.swift; path = Notifications.Localization.swift; sourceTree = "<group>"; };
		5EE6AF1F2AB784B5004DD0DD /* View+eraseToAnyView.swift */ = {isa = PBXFileReference; lastKnownFileType = sourcecode.swift; path = "View+eraseToAnyView.swift"; sourceTree = "<group>"; };
		5EF899C328F35C8900D43E65 /* SignIn.swift */ = {isa = PBXFileReference; lastKnownFileType = sourcecode.swift; path = SignIn.swift; sourceTree = "<group>"; };
		5EF899C728F35D3B00D43E65 /* SignIn.Coordinator.swift */ = {isa = PBXFileReference; lastKnownFileType = sourcecode.swift; path = SignIn.Coordinator.swift; sourceTree = "<group>"; };
		5EF899C928F3666800D43E65 /* SignIn.Factory.swift */ = {isa = PBXFileReference; lastKnownFileType = sourcecode.swift; path = SignIn.Factory.swift; sourceTree = "<group>"; };
		5EF899CB28F36ADE00D43E65 /* SignInOutputProtocol.swift */ = {isa = PBXFileReference; lastKnownFileType = sourcecode.swift; path = SignInOutputProtocol.swift; sourceTree = "<group>"; };
		5EF899CD28F3718A00D43E65 /* SignInInputProtocol.swift */ = {isa = PBXFileReference; lastKnownFileType = sourcecode.swift; path = SignInInputProtocol.swift; sourceTree = "<group>"; };
		5EF899CF28F37BEF00D43E65 /* SignIn.ViewModel.swift */ = {isa = PBXFileReference; lastKnownFileType = sourcecode.swift; path = SignIn.ViewModel.swift; sourceTree = "<group>"; };
		5EF899DC28F3968200D43E65 /* SceneDelegate.Factory.swift */ = {isa = PBXFileReference; lastKnownFileType = sourcecode.swift; path = SceneDelegate.Factory.swift; sourceTree = "<group>"; };
		5EF899DE28F399CE00D43E65 /* SignIn.ViewController.swift */ = {isa = PBXFileReference; lastKnownFileType = sourcecode.swift; path = SignIn.ViewController.swift; sourceTree = "<group>"; };
		5EF899E028F39A1500D43E65 /* SignIn.View.swift */ = {isa = PBXFileReference; lastKnownFileType = sourcecode.swift; path = SignIn.View.swift; sourceTree = "<group>"; };
		EF0D72CC28E642D2004D04F5 /* GoogleService-Info.plist */ = {isa = PBXFileReference; fileEncoding = 4; lastKnownFileType = text.plist.xml; path = "GoogleService-Info.plist"; sourceTree = "<group>"; };
		EF25D64A293930C000AA7225 /* SignUp.swift */ = {isa = PBXFileReference; lastKnownFileType = sourcecode.swift; path = SignUp.swift; sourceTree = "<group>"; };
		EF25D64C293930CF00AA7225 /* SignUp.Factory.swift */ = {isa = PBXFileReference; lastKnownFileType = sourcecode.swift; path = SignUp.Factory.swift; sourceTree = "<group>"; };
		EF25D64E293930E000AA7225 /* SignUp.Coordinator.swift */ = {isa = PBXFileReference; lastKnownFileType = sourcecode.swift; path = SignUp.Coordinator.swift; sourceTree = "<group>"; };
		EF25D650293930EB00AA7225 /* SignUp.Localization.swift */ = {isa = PBXFileReference; lastKnownFileType = sourcecode.swift; path = SignUp.Localization.swift; sourceTree = "<group>"; };
		EF25D65F293BDB6400AA7225 /* SignUp.ViewModel.swift */ = {isa = PBXFileReference; lastKnownFileType = sourcecode.swift; path = SignUp.ViewModel.swift; sourceTree = "<group>"; };
		EF25D661293CCFD900AA7225 /* SignUp.ViewController.swift */ = {isa = PBXFileReference; lastKnownFileType = sourcecode.swift; path = SignUp.ViewController.swift; sourceTree = "<group>"; };
		EF25D663293CDB6B00AA7225 /* SignUp.View.swift */ = {isa = PBXFileReference; lastKnownFileType = sourcecode.swift; path = SignUp.View.swift; sourceTree = "<group>"; };
		EF3F357D28E65D3300F668B4 /* AuthService.swift */ = {isa = PBXFileReference; lastKnownFileType = sourcecode.swift; path = AuthService.swift; sourceTree = "<group>"; };
		EF3F357F28E65D4500F668B4 /* DatabaseService.swift */ = {isa = PBXFileReference; lastKnownFileType = sourcecode.swift; path = DatabaseService.swift; sourceTree = "<group>"; };
		EF3F358128E65D8A00F668B4 /* StorageService.swift */ = {isa = PBXFileReference; lastKnownFileType = sourcecode.swift; path = StorageService.swift; sourceTree = "<group>"; };
		EF3F358328E65DAA00F668B4 /* AnalyticsService.swift */ = {isa = PBXFileReference; lastKnownFileType = sourcecode.swift; path = AnalyticsService.swift; sourceTree = "<group>"; };
		EF3F358528E65DBA00F668B4 /* HapticsService.swift */ = {isa = PBXFileReference; lastKnownFileType = sourcecode.swift; path = HapticsService.swift; sourceTree = "<group>"; };
		EF4803EA2AB222C60076CFBF /* Main.Screen.swift */ = {isa = PBXFileReference; lastKnownFileType = sourcecode.swift; path = Main.Screen.swift; sourceTree = "<group>"; };
		EF4803F12AB244610076CFBF /* Camera.Screen.swift */ = {isa = PBXFileReference; lastKnownFileType = sourcecode.swift; path = Camera.Screen.swift; sourceTree = "<group>"; };
		EF4803F62AB273170076CFBF /* DesignSystem */ = {isa = PBXFileReference; lastKnownFileType = wrapper; path = DesignSystem; sourceTree = "<group>"; };
		EF67DBFF2901E05C007E30C2 /* GradientImageView.swift */ = {isa = PBXFileReference; lastKnownFileType = sourcecode.swift; path = GradientImageView.swift; sourceTree = "<group>"; };
		EF67DC01290A09D5007E30C2 /* SignIn.Localization.swift */ = {isa = PBXFileReference; lastKnownFileType = sourcecode.swift; path = SignIn.Localization.swift; sourceTree = "<group>"; };
		EF67DC07290A0A2C007E30C2 /* en */ = {isa = PBXFileReference; lastKnownFileType = text.plist.strings; name = en; path = en.lproj/Localizable.strings; sourceTree = "<group>"; };
		EF67DC09290A0A78007E30C2 /* nl */ = {isa = PBXFileReference; lastKnownFileType = text.plist.strings; name = nl; path = nl.lproj/Localizable.strings; sourceTree = "<group>"; };
		EF67DC0A290A0A8C007E30C2 /* ru */ = {isa = PBXFileReference; lastKnownFileType = text.plist.strings; name = ru; path = ru.lproj/Localizable.strings; sourceTree = "<group>"; };
		EF67DC0B290A0D2A007E30C2 /* Localized.swift */ = {isa = PBXFileReference; lastKnownFileType = sourcecode.swift; path = Localized.swift; sourceTree = "<group>"; };
		EF67DC11290A0D99007E30C2 /* Localization.swift */ = {isa = PBXFileReference; lastKnownFileType = sourcecode.swift; path = Localization.swift; sourceTree = "<group>"; };
		EF67DC13290A10B6007E30C2 /* String+Localization.swift */ = {isa = PBXFileReference; lastKnownFileType = sourcecode.swift; path = "String+Localization.swift"; sourceTree = "<group>"; };
		EF67DC17290EFA9E007E30C2 /* UIView+Extentions.swift */ = {isa = PBXFileReference; lastKnownFileType = sourcecode.swift; path = "UIView+Extentions.swift"; sourceTree = "<group>"; };
		EF67DC19290F02A5007E30C2 /* UIColor+RGB.swift */ = {isa = PBXFileReference; lastKnownFileType = sourcecode.swift; path = "UIColor+RGB.swift"; sourceTree = "<group>"; };
		EF67DC1B2913236E007E30C2 /* Appearance.swift */ = {isa = PBXFileReference; lastKnownFileType = sourcecode.swift; path = Appearance.swift; sourceTree = "<group>"; };
		EF67DC1D29133507007E30C2 /* AutoLayoutDSL.swift */ = {isa = PBXFileReference; lastKnownFileType = sourcecode.swift; path = AutoLayoutDSL.swift; sourceTree = "<group>"; };
		EF772D3D2924111E009C6DF1 /* textAttributesTransformer.swift */ = {isa = PBXFileReference; lastKnownFileType = sourcecode.swift; path = textAttributesTransformer.swift; sourceTree = "<group>"; };
		EF772D402924199F009C6DF1 /* Home.Factory.swift */ = {isa = PBXFileReference; fileEncoding = 4; lastKnownFileType = sourcecode.swift; path = Home.Factory.swift; sourceTree = "<group>"; };
		EF772D412924199F009C6DF1 /* Home.swift */ = {isa = PBXFileReference; fileEncoding = 4; lastKnownFileType = sourcecode.swift; path = Home.swift; sourceTree = "<group>"; };
		EF7EA88B2943C335003DF8A1 /* Main.Coordinator.swift */ = {isa = PBXFileReference; lastKnownFileType = sourcecode.swift; path = Main.Coordinator.swift; sourceTree = "<group>"; };
		EF8EABE32AE9D2D3007ADB0A /* Camera.ViewModel.swift */ = {isa = PBXFileReference; lastKnownFileType = sourcecode.swift; path = Camera.ViewModel.swift; sourceTree = "<group>"; };
		EF8EABE52AE9D2EC007ADB0A /* Explore.ViewModel.swift */ = {isa = PBXFileReference; lastKnownFileType = sourcecode.swift; path = Explore.ViewModel.swift; sourceTree = "<group>"; };
		EF8EABE72AE9D2FD007ADB0A /* Home.ViewModel.swift */ = {isa = PBXFileReference; lastKnownFileType = sourcecode.swift; path = Home.ViewModel.swift; sourceTree = "<group>"; };
		EF903B4B2923FB2400B4BFBB /* buttonAppereance.swift */ = {isa = PBXFileReference; lastKnownFileType = sourcecode.swift; path = buttonAppereance.swift; sourceTree = "<group>"; };
		EF903B4E2923FED800B4BFBB /* image.swift */ = {isa = PBXFileReference; lastKnownFileType = sourcecode.swift; path = image.swift; sourceTree = "<group>"; };
		EF903B53292401C400B4BFBB /* ButtonBuilder.swift */ = {isa = PBXFileReference; lastKnownFileType = sourcecode.swift; path = ButtonBuilder.swift; sourceTree = "<group>"; };
		EF903B55292408CE00B4BFBB /* ViewModelProtocol.swift */ = {isa = PBXFileReference; fileEncoding = 4; lastKnownFileType = sourcecode.swift; path = ViewModelProtocol.swift; sourceTree = "<group>"; };
		EF903B56292408CE00B4BFBB /* CoordinatorProtocol.swift */ = {isa = PBXFileReference; fileEncoding = 4; lastKnownFileType = sourcecode.swift; path = CoordinatorProtocol.swift; sourceTree = "<group>"; };
		EFA2CEED2932B675007BB0C6 /* TextDivider.swift */ = {isa = PBXFileReference; lastKnownFileType = sourcecode.swift; path = TextDivider.swift; sourceTree = "<group>"; };
		EFA2CEEF2932BB67007BB0C6 /* Divider.swift */ = {isa = PBXFileReference; lastKnownFileType = sourcecode.swift; path = Divider.swift; sourceTree = "<group>"; };
		EFA2CEF229342F3E007BB0C6 /* ApplicationCoordinator.swift */ = {isa = PBXFileReference; lastKnownFileType = sourcecode.swift; path = ApplicationCoordinator.swift; sourceTree = "<group>"; };
		EFA2CEF529378C6C007BB0C6 /* UIButton+Extentions.swift */ = {isa = PBXFileReference; lastKnownFileType = sourcecode.swift; path = "UIButton+Extentions.swift"; sourceTree = "<group>"; };
		EFA2CF022937C497007BB0C6 /* Publisher+Extentions.swift */ = {isa = PBXFileReference; lastKnownFileType = sourcecode.swift; path = "Publisher+Extentions.swift"; sourceTree = "<group>"; };
		EFDE0CCE2AA8E56000899788 /* AvailabilityProtocol.swift */ = {isa = PBXFileReference; lastKnownFileType = sourcecode.swift; path = AvailabilityProtocol.swift; sourceTree = "<group>"; };
		EFDE0CD02AA91E6D00899788 /* AvailabilityFacade.swift */ = {isa = PBXFileReference; lastKnownFileType = sourcecode.swift; path = AvailabilityFacade.swift; sourceTree = "<group>"; };
		EFDE0CD42AA91F3600899788 /* AvailabilityFeatureKey.swift */ = {isa = PBXFileReference; lastKnownFileType = sourcecode.swift; path = AvailabilityFeatureKey.swift; sourceTree = "<group>"; };
		EFDE0CD72AA9204A00899788 /* AvailabilityFeatureKey+local.swift */ = {isa = PBXFileReference; lastKnownFileType = sourcecode.swift; path = "AvailabilityFeatureKey+local.swift"; sourceTree = "<group>"; };
		EFDE0CD92AA9206B00899788 /* AvailabilityFeatureKey+remote.swift */ = {isa = PBXFileReference; lastKnownFileType = sourcecode.swift; path = "AvailabilityFeatureKey+remote.swift"; sourceTree = "<group>"; };
		EFDE0CDB2AA9209300899788 /* AvailabilityFeatureKey+providers.swift */ = {isa = PBXFileReference; lastKnownFileType = sourcecode.swift; path = "AvailabilityFeatureKey+providers.swift"; sourceTree = "<group>"; };
		EFE4D5872A258B950029E2F7 /* Main.Router.swift */ = {isa = PBXFileReference; lastKnownFileType = sourcecode.swift; path = Main.Router.swift; sourceTree = "<group>"; };
		EFE752EE291B14A900FC0742 /* String+Validation.swift */ = {isa = PBXFileReference; lastKnownFileType = sourcecode.swift; path = "String+Validation.swift"; sourceTree = "<group>"; };
		EFE752F4291B2D5500FC0742 /* RegExpBuilder.swift */ = {isa = PBXFileReference; lastKnownFileType = sourcecode.swift; path = RegExpBuilder.swift; sourceTree = "<group>"; };
		EFE77FA529207F8B00EC45E8 /* CustomSubscription.swift */ = {isa = PBXFileReference; lastKnownFileType = sourcecode.swift; path = CustomSubscription.swift; sourceTree = "<group>"; };
		EFE77FA72920909E00EC45E8 /* UITextField+Combine.swift */ = {isa = PBXFileReference; lastKnownFileType = sourcecode.swift; path = "UITextField+Combine.swift"; sourceTree = "<group>"; };
		EFF80D7428F708F500F830FB /* BindableProtocol.swift */ = {isa = PBXFileReference; lastKnownFileType = sourcecode.swift; path = BindableProtocol.swift; sourceTree = "<group>"; };
		EFF80D7628F7193500F830FB /* CancelBag.swift */ = {isa = PBXFileReference; lastKnownFileType = sourcecode.swift; path = CancelBag.swift; sourceTree = "<group>"; };
		EFF80D7B28F72FF200F830FB /* MainController.swift */ = {isa = PBXFileReference; lastKnownFileType = sourcecode.swift; path = MainController.swift; sourceTree = "<group>"; };
		EFF80D7D28F733F400F830FB /* Main.swift */ = {isa = PBXFileReference; lastKnownFileType = sourcecode.swift; path = Main.swift; sourceTree = "<group>"; };
		EFF80D8128F7370300F830FB /* Main.Factory.swift */ = {isa = PBXFileReference; lastKnownFileType = sourcecode.swift; path = Main.Factory.swift; sourceTree = "<group>"; };
		EFF80D8C28F7431200F830FB /* Explore.swift */ = {isa = PBXFileReference; lastKnownFileType = sourcecode.swift; path = Explore.swift; sourceTree = "<group>"; };
		EFF80D8E28F7432100F830FB /* Camera.swift */ = {isa = PBXFileReference; lastKnownFileType = sourcecode.swift; path = Camera.swift; sourceTree = "<group>"; };
		EFF80D9028F7466900F830FB /* Notifications.swift */ = {isa = PBXFileReference; lastKnownFileType = sourcecode.swift; path = Notifications.swift; sourceTree = "<group>"; };
		EFF80D9228F7467600F830FB /* Profile.swift */ = {isa = PBXFileReference; lastKnownFileType = sourcecode.swift; path = Profile.swift; sourceTree = "<group>"; };
		EFF80D9628F74A4000F830FB /* Explore.Factory.swift */ = {isa = PBXFileReference; lastKnownFileType = sourcecode.swift; path = Explore.Factory.swift; sourceTree = "<group>"; };
		EFF80D9828F74A4900F830FB /* Camera.Factory.swift */ = {isa = PBXFileReference; lastKnownFileType = sourcecode.swift; path = Camera.Factory.swift; sourceTree = "<group>"; };
		EFF80D9A28F74A5600F830FB /* Notifications.Factory.swift */ = {isa = PBXFileReference; lastKnownFileType = sourcecode.swift; path = Notifications.Factory.swift; sourceTree = "<group>"; };
		EFF80D9C28F74A6100F830FB /* Profile.Factory.swift */ = {isa = PBXFileReference; lastKnownFileType = sourcecode.swift; path = Profile.Factory.swift; sourceTree = "<group>"; };
		EFF80DAC28F76C3300F830FB /* Camera.ViewController.swift */ = {isa = PBXFileReference; lastKnownFileType = sourcecode.swift; path = Camera.ViewController.swift; sourceTree = "<group>"; };
		EFF80DAE28F76C4300F830FB /* Explore.ViewController.swift */ = {isa = PBXFileReference; lastKnownFileType = sourcecode.swift; path = Explore.ViewController.swift; sourceTree = "<group>"; };
		EFF80DB528F76E8100F830FB /* Profile.Coordinator.swift */ = {isa = PBXFileReference; lastKnownFileType = sourcecode.swift; path = Profile.Coordinator.swift; sourceTree = "<group>"; };
		EFF80DB728F76E8E00F830FB /* Notifications.Coordinator.swift */ = {isa = PBXFileReference; lastKnownFileType = sourcecode.swift; path = Notifications.Coordinator.swift; sourceTree = "<group>"; };
		EFF80DB928F76E9D00F830FB /* Camera.Coordinator.swift */ = {isa = PBXFileReference; lastKnownFileType = sourcecode.swift; path = Camera.Coordinator.swift; sourceTree = "<group>"; };
		EFF80DBB28F7705C00F830FB /* Explore.Coordinator.swift */ = {isa = PBXFileReference; lastKnownFileType = sourcecode.swift; path = Explore.Coordinator.swift; sourceTree = "<group>"; };
		EFF80DBD28F7706900F830FB /* Home.Coordinator.swift */ = {isa = PBXFileReference; lastKnownFileType = sourcecode.swift; path = Home.Coordinator.swift; sourceTree = "<group>"; };
		EFF80DBF28F7958200F830FB /* Home.ViewController.swift */ = {isa = PBXFileReference; lastKnownFileType = sourcecode.swift; path = Home.ViewController.swift; sourceTree = "<group>"; };
		EFF80DC128F7960000F830FB /* Profile.ViewController.swift */ = {isa = PBXFileReference; lastKnownFileType = sourcecode.swift; path = Profile.ViewController.swift; sourceTree = "<group>"; };
		EFF80DC328F796F700F830FB /* Notifications.ViewController.swift */ = {isa = PBXFileReference; lastKnownFileType = sourcecode.swift; path = Notifications.ViewController.swift; sourceTree = "<group>"; };
/* End PBXFileReference section */

/* Begin PBXFrameworksBuildPhase section */
		5E4ECD4028E385D80080DE1D /* Frameworks */ = {
			isa = PBXFrameworksBuildPhase;
			buildActionMask = 2147483647;
			files = (
				EF4803F82AB37AC30076CFBF /* DesignSystem in Frameworks */,
				EF3F358B28E65F2500F668B4 /* FirebaseFirestoreCombine-Community in Frameworks */,
				EF0D72CA28E3A076004D04F5 /* FirebaseStorageCombine-Community in Frameworks */,
				EF0D72C228E3A076004D04F5 /* FirebaseDatabaseSwift in Frameworks */,
				EF0D72C028E3A076004D04F5 /* FirebaseDatabase in Frameworks */,
				5E1C08702ABA33C5005F02D0 /* API in Frameworks */,
				EF0D72B828E3A076004D04F5 /* FirebaseAnalyticsSwift in Frameworks */,
				EF0D72C828E3A076004D04F5 /* FirebaseStorage in Frameworks */,
				EF3F358928E65F2500F668B4 /* FirebaseFirestore in Frameworks */,
				5E991BDF2B0AF5C0008E38EF /* ServiceLocator in Frameworks */,
				EF0D72C628E3A076004D04F5 /* FirebaseRemoteConfigSwift in Frameworks */,
				EF0D72BA28E3A076004D04F5 /* FirebaseAuth in Frameworks */,
				EF0D72BE28E3A076004D04F5 /* FirebaseCrashlytics in Frameworks */,
				EF0D72B628E3A076004D04F5 /* FirebaseAnalytics in Frameworks */,
				EF0D72BC28E3A076004D04F5 /* FirebaseAuthCombine-Community in Frameworks */,
				EFE77FAB2921B82300EC45E8 /* CombineCocoa in Frameworks */,
				EF0D72C428E3A076004D04F5 /* FirebaseRemoteConfig in Frameworks */,
			);
			runOnlyForDeploymentPostprocessing = 0;
		};
		5E4ECD5928E385DA0080DE1D /* Frameworks */ = {
			isa = PBXFrameworksBuildPhase;
			buildActionMask = 2147483647;
			files = (
			);
			runOnlyForDeploymentPostprocessing = 0;
		};
		5E4ECD6328E385DA0080DE1D /* Frameworks */ = {
			isa = PBXFrameworksBuildPhase;
			buildActionMask = 2147483647;
			files = (
			);
			runOnlyForDeploymentPostprocessing = 0;
		};
/* End PBXFrameworksBuildPhase section */

/* Begin PBXGroup section */
		5E2E0D1A2AAD2FE9003FC029 /* SwiftUI */ = {
			isa = PBXGroup;
			children = (
				5E2E0D1B2AAD301A003FC029 /* SignIn.ViewScreen.swift */,
			);
			path = SwiftUI;
			sourceTree = "<group>";
		};
		5E337A042AC7A8940040BE0F /* Colors */ = {
			isa = PBXGroup;
			children = (
				5E337A022AC7A8900040BE0F /* Colors.swift */,
				EF67DC19290F02A5007E30C2 /* UIColor+RGB.swift */,
				5E337A002AC7A8820040BE0F /* Color+RGB.swift */,
			);
			path = Colors;
			sourceTree = "<group>";
		};
		5E4ECD3A28E385D80080DE1D = {
			isa = PBXGroup;
			children = (
				5E4ECD4528E385D80080DE1D /* my_messenger */,
				5E4ECD5F28E385DA0080DE1D /* my_messengerTests */,
				5E4ECD6928E385DA0080DE1D /* my_messengerUITests */,
				5E4ECD4428E385D80080DE1D /* Products */,
				EF3F358728E65F2500F668B4 /* Frameworks */,
			);
			sourceTree = "<group>";
		};
		5E4ECD4428E385D80080DE1D /* Products */ = {
			isa = PBXGroup;
			children = (
				5E4ECD4328E385D80080DE1D /* my_messenger.app */,
				5E4ECD5C28E385DA0080DE1D /* my_messengerTests.xctest */,
				5E4ECD6628E385DA0080DE1D /* my_messengerUITests.xctest */,
			);
			name = Products;
			sourceTree = "<group>";
		};
		5E4ECD4528E385D80080DE1D /* my_messenger */ = {
			isa = PBXGroup;
			children = (
				EF0D72CB28E642C4004D04F5 /* Resources */,
				EF0D72D128E644A2004D04F5 /* Services */,
				EF0D72D028E64487004D04F5 /* Module */,
				EF0D72D328E644E0004D04F5 /* Availability */,
				EF0D72D228E644D0004D04F5 /* Common */,
				EF0D72CF28E6444F004D04F5 /* CoreDataModels */,
				EF0D72D428E64553004D04F5 /* Flows */,
			);
			path = my_messenger;
			sourceTree = "<group>";
		};
		5E4ECD5F28E385DA0080DE1D /* my_messengerTests */ = {
			isa = PBXGroup;
			children = (
				5E4ECD6028E385DA0080DE1D /* my_messengerTests.swift */,
			);
			path = my_messengerTests;
			sourceTree = "<group>";
		};
		5E4ECD6928E385DA0080DE1D /* my_messengerUITests */ = {
			isa = PBXGroup;
			children = (
				5E4ECD6A28E385DA0080DE1D /* my_messengerUITests.swift */,
				5E4ECD6C28E385DA0080DE1D /* my_messengerUITestsLaunchTests.swift */,
			);
			path = my_messengerUITests;
			sourceTree = "<group>";
		};
		5EE6AEF02AB28313004DD0DD /* UIKit */ = {
			isa = PBXGroup;
			children = (
				EF25D661293CCFD900AA7225 /* SignUp.ViewController.swift */,
				EF25D663293CDB6B00AA7225 /* SignUp.View.swift */,
			);
			path = UIKit;
			sourceTree = "<group>";
		};
		5EE6AEF12AB2831A004DD0DD /* SwiftUI */ = {
			isa = PBXGroup;
			children = (
				5EE6AF042AB28D20004DD0DD /* SignUp.Screen.swift */,
			);
			path = SwiftUI;
			sourceTree = "<group>";
		};
		5EE6AEF62AB28752004DD0DD /* SwiftUI */ = {
			isa = PBXGroup;
			children = (
				5EE6AEF72AB28766004DD0DD /* Home.Screen.swift */,
			);
			path = SwiftUI;
			sourceTree = "<group>";
		};
		5EE6AEF92AB288D1004DD0DD /* SwiftUI */ = {
			isa = PBXGroup;
			children = (
				5EE6AEFA2AB288E8004DD0DD /* Explore.Screen.swift */,
			);
			path = SwiftUI;
			sourceTree = "<group>";
		};
		5EE6AEFC2AB28A34004DD0DD /* SwiftUI */ = {
			isa = PBXGroup;
			children = (
				5EE6AF002AB28A65004DD0DD /* Profile.Screen.swift */,
			);
			path = SwiftUI;
			sourceTree = "<group>";
		};
		5EE6AEFD2AB28A41004DD0DD /* SwiftUI */ = {
			isa = PBXGroup;
			children = (
				5EE6AEFE2AB28A56004DD0DD /* Notifications.Screen.swift */,
			);
			path = SwiftUI;
			sourceTree = "<group>";
		};
		5EE6AF062AB3D4E7004DD0DD /* Settings */ = {
			isa = PBXGroup;
			children = (
				5EE6AF072AB3D4F9004DD0DD /* Settings.swift */,
				5EE6AF092AB3D525004DD0DD /* Settings.Factory.swift */,
				5EE6AF0B2AB3D52C004DD0DD /* Settings.Coordinator.swift */,
				5EE6AF142AB3D881004DD0DD /* Settings.Localization.swift */,
				5EE6AF0D2AB3D531004DD0DD /* Screens */,
			);
			path = Settings;
			sourceTree = "<group>";
		};
		5EE6AF0D2AB3D531004DD0DD /* Screens */ = {
			isa = PBXGroup;
			children = (
				5EE6AF0E2AB3D539004DD0DD /* UIKit */,
				5EE6AF0F2AB3D53E004DD0DD /* SwiftUI */,
			);
			path = Screens;
			sourceTree = "<group>";
		};
		5EE6AF0E2AB3D539004DD0DD /* UIKit */ = {
			isa = PBXGroup;
			children = (
				5EE6AF102AB3D5E8004DD0DD /* Settings.ViewController.swift */,
			);
			path = UIKit;
			sourceTree = "<group>";
		};
		5EE6AF0F2AB3D53E004DD0DD /* SwiftUI */ = {
			isa = PBXGroup;
			children = (
				5EE6AF122AB3D61E004DD0DD /* Settings.Screen.swift */,
			);
			path = SwiftUI;
			sourceTree = "<group>";
		};
		5EE6AF182AB7663F004DD0DD /* ViewModel */ = {
			isa = PBXGroup;
			children = (
				5EE6AF162AB7600E004DD0DD /* Profile.ViewModel.swift */,
			);
			path = ViewModel;
			sourceTree = "<group>";
		};
		5EE6AF192AB767D5004DD0DD /* ViewModel */ = {
			isa = PBXGroup;
			children = (
				5EE6AF1A2AB767EA004DD0DD /* Notifications.ViewModel.swift */,
			);
			path = ViewModel;
			sourceTree = "<group>";
		};
		5EE6AF1E2AB7842A004DD0DD /* SwiftUI */ = {
			isa = PBXGroup;
			children = (
				5EE6AF1F2AB784B5004DD0DD /* View+eraseToAnyView.swift */,
			);
			path = SwiftUI;
			sourceTree = "<group>";
		};
		5EF899BE28F35C4400D43E65 /* SignIn */ = {
			isa = PBXGroup;
			children = (
				5EF899C328F35C8900D43E65 /* SignIn.swift */,
				5EF899C928F3666800D43E65 /* SignIn.Factory.swift */,
				5EF899C728F35D3B00D43E65 /* SignIn.Coordinator.swift */,
				EF67DC01290A09D5007E30C2 /* SignIn.Localization.swift */,
				5EF899BF28F35C5C00D43E65 /* Screen */,
				5EF899C528F35CEE00D43E65 /* ViewModel */,
			);
			path = SignIn;
			sourceTree = "<group>";
		};
		5EF899BF28F35C5C00D43E65 /* Screen */ = {
			isa = PBXGroup;
			children = (
				5EF899CB28F36ADE00D43E65 /* SignInOutputProtocol.swift */,
				5EF899CD28F3718A00D43E65 /* SignInInputProtocol.swift */,
				5EF899C628F35D1800D43E65 /* UIKit */,
				5E2E0D1A2AAD2FE9003FC029 /* SwiftUI */,
			);
			path = Screen;
			sourceTree = "<group>";
		};
		5EF899C528F35CEE00D43E65 /* ViewModel */ = {
			isa = PBXGroup;
			children = (
				5EF899CF28F37BEF00D43E65 /* SignIn.ViewModel.swift */,
			);
			path = ViewModel;
			sourceTree = "<group>";
		};
		5EF899C628F35D1800D43E65 /* UIKit */ = {
			isa = PBXGroup;
			children = (
				EF67DC1B2913236E007E30C2 /* Appearance.swift */,
				5EF899DE28F399CE00D43E65 /* SignIn.ViewController.swift */,
				5EF899E028F39A1500D43E65 /* SignIn.View.swift */,
			);
			path = UIKit;
			sourceTree = "<group>";
		};
		5EF899DB28F3965B00D43E65 /* SceneDelegate */ = {
			isa = PBXGroup;
			children = (
				5EF899DC28F3968200D43E65 /* SceneDelegate.Factory.swift */,
			);
			path = SceneDelegate;
			sourceTree = "<group>";
		};
		EF0D72CB28E642C4004D04F5 /* Resources */ = {
			isa = PBXGroup;
			children = (
				5E4ECD4628E385D80080DE1D /* AppDelegate.swift */,
				5E4ECD4828E385D80080DE1D /* SceneDelegate.swift */,
				5E2E0D182AAD2CB6003FC029 /* Persistence.swift */,
				EF0D72CC28E642D2004D04F5 /* GoogleService-Info.plist */,
				EF0D72CE28E64371004D04F5 /* Resources */,
			);
			path = Resources;
			sourceTree = "<group>";
		};
		EF0D72CE28E64371004D04F5 /* Resources */ = {
			isa = PBXGroup;
			children = (
				5E991BDD2B0AEF92008E38EF /* ServiceLocator */,
				5E819D632AE83A1200F659F0 /* Log */,
				5E1C086E2ABA330D005F02D0 /* API */,
				EF4803F62AB273170076CFBF /* DesignSystem */,
				EF67DC10290A0D83007E30C2 /* Localization */,
				5E4ECD5228E385D90080DE1D /* Assets.xcassets */,
				5E4ECD5428E385D90080DE1D /* LaunchScreen.storyboard */,
				5E4ECD5728E385D90080DE1D /* Info.plist */,
			);
			path = Resources;
			sourceTree = "<group>";
		};
		EF0D72CF28E6444F004D04F5 /* CoreDataModels */ = {
			isa = PBXGroup;
			children = (
				5E4ECD4F28E385D80080DE1D /* Instagram.xcdatamodeld */,
			);
			path = CoreDataModels;
			sourceTree = "<group>";
		};
		EF0D72D028E64487004D04F5 /* Module */ = {
			isa = PBXGroup;
			children = (
			);
			path = Module;
			sourceTree = "<group>";
		};
		EF0D72D128E644A2004D04F5 /* Services */ = {
			isa = PBXGroup;
			children = (
				EF3F357D28E65D3300F668B4 /* AuthService.swift */,
				EF3F357F28E65D4500F668B4 /* DatabaseService.swift */,
				EF3F358128E65D8A00F668B4 /* StorageService.swift */,
				EF3F358328E65DAA00F668B4 /* AnalyticsService.swift */,
				EF3F358528E65DBA00F668B4 /* HapticsService.swift */,
			);
			path = Services;
			sourceTree = "<group>";
		};
		EF0D72D228E644D0004D04F5 /* Common */ = {
			isa = PBXGroup;
			children = (
				EF7EA8B32947D53B003DF8A1 /* PhotoPicker */,
				EFE77FAC2922F53100EC45E8 /* DesignSystem */,
				EF67DBFE2901E04D007E30C2 /* Gradient */,
				EF772D442926A058009C6DF1 /* Combine */,
				EF772D452926A0C1009C6DF1 /* Extentions */,
				EFF80D7428F708F500F830FB /* BindableProtocol.swift */,
				EF903B56292408CE00B4BFBB /* CoordinatorProtocol.swift */,
				EF903B55292408CE00B4BFBB /* ViewModelProtocol.swift */,
				EF67DC0B290A0D2A007E30C2 /* Localized.swift */,
				5E3610EA2B58395E0021675F /* SuffixSequence.swift */,
				EFE752F4291B2D5500FC0742 /* RegExpBuilder.swift */,
				EF67DC1D29133507007E30C2 /* AutoLayoutDSL.swift */,
			);
			path = Common;
			sourceTree = "<group>";
		};
		EF0D72D328E644E0004D04F5 /* Availability */ = {
			isa = PBXGroup;
			children = (
				EFDE0CD62AA9202E00899788 /* Providers */,
				EFDE0CD42AA91F3600899788 /* AvailabilityFeatureKey.swift */,
				EFDE0CCE2AA8E56000899788 /* AvailabilityProtocol.swift */,
				EFDE0CD02AA91E6D00899788 /* AvailabilityFacade.swift */,
			);
			path = Availability;
			sourceTree = "<group>";
		};
		EF0D72D428E64553004D04F5 /* Flows */ = {
			isa = PBXGroup;
			children = (
				EFA2CEF229342F3E007BB0C6 /* ApplicationCoordinator.swift */,
				EFF80D8728F73B9C00F830FB /* Core */,
				5EF899BE28F35C4400D43E65 /* SignIn */,
				EFA2CF042937D5C3007BB0C6 /* SignUp */,
				EFF80D8328F739F600F830FB /* Home */,
				EFF80D8428F739FF00F830FB /* Explore */,
				EFF80D8528F73A8100F830FB /* Camera */,
				EFF80D8828F73BDA00F830FB /* Notifications */,
				EFF80D8928F73BF500F830FB /* Profile */,
				5EE6AF062AB3D4E7004DD0DD /* Settings */,
			);
			path = Flows;
			sourceTree = "<group>";
		};
		EF25D652293930F100AA7225 /* Screen */ = {
			isa = PBXGroup;
			children = (
				5EE6AEF02AB28313004DD0DD /* UIKit */,
				5EE6AEF12AB2831A004DD0DD /* SwiftUI */,
			);
			path = Screen;
			sourceTree = "<group>";
		};
		EF25D653293930F800AA7225 /* ViewModel */ = {
			isa = PBXGroup;
			children = (
				EF25D65F293BDB6400AA7225 /* SignUp.ViewModel.swift */,
			);
			path = ViewModel;
			sourceTree = "<group>";
		};
		EF3F358728E65F2500F668B4 /* Frameworks */ = {
			isa = PBXGroup;
			children = (
			);
			name = Frameworks;
			sourceTree = "<group>";
		};
		EF4803E92AB222A90076CFBF /* SwiftUI */ = {
			isa = PBXGroup;
			children = (
				EF4803EA2AB222C60076CFBF /* Main.Screen.swift */,
			);
			path = SwiftUI;
			sourceTree = "<group>";
		};
		EF4803F02AB244190076CFBF /* SwiftUI */ = {
			isa = PBXGroup;
			children = (
				EF4803F12AB244610076CFBF /* Camera.Screen.swift */,
			);
			path = SwiftUI;
			sourceTree = "<group>";
		};
		EF67DBFE2901E04D007E30C2 /* Gradient */ = {
			isa = PBXGroup;
			children = (
				EF67DBFF2901E05C007E30C2 /* GradientImageView.swift */,
			);
			path = Gradient;
			sourceTree = "<group>";
		};
		EF67DC10290A0D83007E30C2 /* Localization */ = {
			isa = PBXGroup;
			children = (
				EF67DC11290A0D99007E30C2 /* Localization.swift */,
				EF67DC08290A0A2C007E30C2 /* Localizable.strings */,
			);
			path = Localization;
			sourceTree = "<group>";
		};
		EF772D442926A058009C6DF1 /* Combine */ = {
			isa = PBXGroup;
			children = (
				EFF80D7628F7193500F830FB /* CancelBag.swift */,
				EFE77FA529207F8B00EC45E8 /* CustomSubscription.swift */,
			);
			path = Combine;
			sourceTree = "<group>";
		};
		EF772D452926A0C1009C6DF1 /* Extentions */ = {
			isa = PBXGroup;
			children = (
				5EE6AF1E2AB7842A004DD0DD /* SwiftUI */,
				EF67DC17290EFA9E007E30C2 /* UIView+Extentions.swift */,
				EFA2CEF529378C6C007BB0C6 /* UIButton+Extentions.swift */,
				EFE77FA72920909E00EC45E8 /* UITextField+Combine.swift */,
				EFA2CF022937C497007BB0C6 /* Publisher+Extentions.swift */,
				5E4E7F452AFED80500C1F996 /* CurrentValueSubject+binding.swift */,
				5E337A042AC7A8940040BE0F /* Colors */,
				EF67DC13290A10B6007E30C2 /* String+Localization.swift */,
				EFE752EE291B14A900FC0742 /* String+Validation.swift */,
			);
			path = Extentions;
			sourceTree = "<group>";
		};
		EF7EA8B32947D53B003DF8A1 /* PhotoPicker */ = {
			isa = PBXGroup;
			children = (
			);
			path = PhotoPicker;
			sourceTree = "<group>";
		};
		EF903B502924015A00B4BFBB /* UIButton */ = {
			isa = PBXGroup;
			children = (
				EF903B52292401B600B4BFBB /* Builder */,
				EF903B512924018700B4BFBB /* Configurations */,
			);
			path = UIButton;
			sourceTree = "<group>";
		};
		EF903B512924018700B4BFBB /* Configurations */ = {
			isa = PBXGroup;
			children = (
				EF903B4E2923FED800B4BFBB /* image.swift */,
				EF772D3D2924111E009C6DF1 /* textAttributesTransformer.swift */,
				EF903B4B2923FB2400B4BFBB /* buttonAppereance.swift */,
			);
			path = Configurations;
			sourceTree = "<group>";
		};
		EF903B52292401B600B4BFBB /* Builder */ = {
			isa = PBXGroup;
			children = (
				EF903B53292401C400B4BFBB /* ButtonBuilder.swift */,
			);
			path = Builder;
			sourceTree = "<group>";
		};
		EFA2CF042937D5C3007BB0C6 /* SignUp */ = {
			isa = PBXGroup;
			children = (
				EF25D64A293930C000AA7225 /* SignUp.swift */,
				EF25D64C293930CF00AA7225 /* SignUp.Factory.swift */,
				EF25D64E293930E000AA7225 /* SignUp.Coordinator.swift */,
				EF25D650293930EB00AA7225 /* SignUp.Localization.swift */,
				EF25D652293930F100AA7225 /* Screen */,
				EF25D653293930F800AA7225 /* ViewModel */,
			);
			path = SignUp;
			sourceTree = "<group>";
		};
		EFDE0CD62AA9202E00899788 /* Providers */ = {
			isa = PBXGroup;
			children = (
				EFDE0CDB2AA9209300899788 /* AvailabilityFeatureKey+providers.swift */,
				EFDE0CD72AA9204A00899788 /* AvailabilityFeatureKey+local.swift */,
				EFDE0CD92AA9206B00899788 /* AvailabilityFeatureKey+remote.swift */,
			);
			path = Providers;
			sourceTree = "<group>";
		};
		EFE4D5862A258B3F0029E2F7 /* Router */ = {
			isa = PBXGroup;
			children = (
				EFE4D5872A258B950029E2F7 /* Main.Router.swift */,
			);
			path = Router;
			sourceTree = "<group>";
		};
		EFE77FAC2922F53100EC45E8 /* DesignSystem */ = {
			isa = PBXGroup;
			children = (
				EFA2CEEF2932BB67007BB0C6 /* Divider.swift */,
				EFA2CEED2932B675007BB0C6 /* TextDivider.swift */,
				EF903B502924015A00B4BFBB /* UIButton */,
			);
			path = DesignSystem;
			sourceTree = "<group>";
		};
		EFF80D7828F72F8300F830FB /* TabBar */ = {
			isa = PBXGroup;
			children = (
				EFF80D7D28F733F400F830FB /* Main.swift */,
				EFF80D8128F7370300F830FB /* Main.Factory.swift */,
				EF7EA88B2943C335003DF8A1 /* Main.Coordinator.swift */,
				EFE4D5862A258B3F0029E2F7 /* Router */,
				EF4803E92AB222A90076CFBF /* SwiftUI */,
				EFF80D8028F7342F00F830FB /* UIKit */,
			);
			path = TabBar;
			sourceTree = "<group>";
		};
		EFF80D8028F7342F00F830FB /* UIKit */ = {
			isa = PBXGroup;
			children = (
				EFF80D7B28F72FF200F830FB /* MainController.swift */,
			);
			path = UIKit;
			sourceTree = "<group>";
		};
		EFF80D8328F739F600F830FB /* Home */ = {
			isa = PBXGroup;
			children = (
				EF772D412924199F009C6DF1 /* Home.swift */,
				EF772D402924199F009C6DF1 /* Home.Factory.swift */,
				EFF80DBD28F7706900F830FB /* Home.Coordinator.swift */,
				EFF80DA828F769D800F830FB /* Screens */,
				EFF80DB428F76DC700F830FB /* ViewModel */,
			);
			path = Home;
			sourceTree = "<group>";
		};
		EFF80D8428F739FF00F830FB /* Explore */ = {
			isa = PBXGroup;
			children = (
				EFF80D8C28F7431200F830FB /* Explore.swift */,
				EFF80D9628F74A4000F830FB /* Explore.Factory.swift */,
				EFF80DBB28F7705C00F830FB /* Explore.Coordinator.swift */,
				EFF80DA628F769AC00F830FB /* Screens */,
				EFF80DB328F76DC300F830FB /* ViewModel */,
			);
			path = Explore;
			sourceTree = "<group>";
		};
		EFF80D8528F73A8100F830FB /* Camera */ = {
			isa = PBXGroup;
			children = (
				EFF80D8E28F7432100F830FB /* Camera.swift */,
				EFF80D9828F74A4900F830FB /* Camera.Factory.swift */,
				EFF80DB928F76E9D00F830FB /* Camera.Coordinator.swift */,
				EFF80DA428F7699F00F830FB /* Screens */,
				EFF80DB228F76DC000F830FB /* ViewModel */,
			);
			path = Camera;
			sourceTree = "<group>";
		};
		EFF80D8728F73B9C00F830FB /* Core */ = {
			isa = PBXGroup;
			children = (
				EFF80D7828F72F8300F830FB /* TabBar */,
				5EF899DB28F3965B00D43E65 /* SceneDelegate */,
			);
			name = Core;
			sourceTree = "<group>";
		};
		EFF80D8828F73BDA00F830FB /* Notifications */ = {
			isa = PBXGroup;
			children = (
				EFF80D9028F7466900F830FB /* Notifications.swift */,
				EFF80D9A28F74A5600F830FB /* Notifications.Factory.swift */,
				EFF80DB728F76E8E00F830FB /* Notifications.Coordinator.swift */,
				5EE6AF1C2AB775D7004DD0DD /* Notifications.Localization.swift */,
				EFF80DA228F7698900F830FB /* Screens */,
				5EE6AF192AB767D5004DD0DD /* ViewModel */,
			);
			path = Notifications;
			sourceTree = "<group>";
		};
		EFF80D8928F73BF500F830FB /* Profile */ = {
			isa = PBXGroup;
			children = (
				EFF80D9228F7467600F830FB /* Profile.swift */,
				EFF80D9C28F74A6100F830FB /* Profile.Factory.swift */,
				EFF80DB528F76E8100F830FB /* Profile.Coordinator.swift */,
				EFF80DA028F7695C00F830FB /* Screens */,
				5EE6AF182AB7663F004DD0DD /* ViewModel */,
			);
			path = Profile;
			sourceTree = "<group>";
		};
		EFF80DA028F7695C00F830FB /* Screens */ = {
			isa = PBXGroup;
			children = (
				EFF80DA128F7697300F830FB /* UIKit */,
				5EE6AEFC2AB28A34004DD0DD /* SwiftUI */,
			);
			path = Screens;
			sourceTree = "<group>";
		};
		EFF80DA128F7697300F830FB /* UIKit */ = {
			isa = PBXGroup;
			children = (
				EFF80DC128F7960000F830FB /* Profile.ViewController.swift */,
			);
			path = UIKit;
			sourceTree = "<group>";
		};
		EFF80DA228F7698900F830FB /* Screens */ = {
			isa = PBXGroup;
			children = (
				EFF80DA328F7699200F830FB /* UIKit */,
				5EE6AEFD2AB28A41004DD0DD /* SwiftUI */,
			);
			path = Screens;
			sourceTree = "<group>";
		};
		EFF80DA328F7699200F830FB /* UIKit */ = {
			isa = PBXGroup;
			children = (
				EFF80DC328F796F700F830FB /* Notifications.ViewController.swift */,
			);
			path = UIKit;
			sourceTree = "<group>";
		};
		EFF80DA428F7699F00F830FB /* Screens */ = {
			isa = PBXGroup;
			children = (
				EFF80DA528F769A600F830FB /* UIKit */,
				EF4803F02AB244190076CFBF /* SwiftUI */,
			);
			path = Screens;
			sourceTree = "<group>";
		};
		EFF80DA528F769A600F830FB /* UIKit */ = {
			isa = PBXGroup;
			children = (
				EFF80DAC28F76C3300F830FB /* Camera.ViewController.swift */,
			);
			path = UIKit;
			sourceTree = "<group>";
		};
		EFF80DA628F769AC00F830FB /* Screens */ = {
			isa = PBXGroup;
			children = (
				EFF80DA728F769B300F830FB /* UIKit */,
				5EE6AEF92AB288D1004DD0DD /* SwiftUI */,
			);
			path = Screens;
			sourceTree = "<group>";
		};
		EFF80DA728F769B300F830FB /* UIKit */ = {
			isa = PBXGroup;
			children = (
				EFF80DAE28F76C4300F830FB /* Explore.ViewController.swift */,
			);
			path = UIKit;
			sourceTree = "<group>";
		};
		EFF80DA828F769D800F830FB /* Screens */ = {
			isa = PBXGroup;
			children = (
				EFF80DA928F769E000F830FB /* UIKit */,
				5EE6AEF62AB28752004DD0DD /* SwiftUI */,
			);
			path = Screens;
			sourceTree = "<group>";
		};
		EFF80DA928F769E000F830FB /* UIKit */ = {
			isa = PBXGroup;
			children = (
				EFF80DBF28F7958200F830FB /* Home.ViewController.swift */,
			);
			path = UIKit;
			sourceTree = "<group>";
		};
		EFF80DB228F76DC000F830FB /* ViewModel */ = {
			isa = PBXGroup;
			children = (
				EF8EABE32AE9D2D3007ADB0A /* Camera.ViewModel.swift */,
			);
			path = ViewModel;
			sourceTree = "<group>";
		};
		EFF80DB328F76DC300F830FB /* ViewModel */ = {
			isa = PBXGroup;
			children = (
				EF8EABE52AE9D2EC007ADB0A /* Explore.ViewModel.swift */,
				5ED222E32AFB153A00542389 /* Explore.AnimalViewModel.swift */,
				5E4E7F472B0120EC00C1F996 /* Explore.Service.swift */,
			);
			path = ViewModel;
			sourceTree = "<group>";
		};
		EFF80DB428F76DC700F830FB /* ViewModel */ = {
			isa = PBXGroup;
			children = (
				EF8EABE72AE9D2FD007ADB0A /* Home.ViewModel.swift */,
			);
			path = ViewModel;
			sourceTree = "<group>";
		};
/* End PBXGroup section */

/* Begin PBXNativeTarget section */
		5E4ECD4228E385D80080DE1D /* my_messenger */ = {
			isa = PBXNativeTarget;
			buildConfigurationList = 5E4ECD7028E385DA0080DE1D /* Build configuration list for PBXNativeTarget "my_messenger" */;
			buildPhases = (
				5E4ECD3F28E385D80080DE1D /* Sources */,
				5E4ECD4028E385D80080DE1D /* Frameworks */,
				5E4ECD4128E385D80080DE1D /* Resources */,
			);
			buildRules = (
			);
			dependencies = (
			);
			name = my_messenger;
			packageProductDependencies = (
				EF0D72B528E3A076004D04F5 /* FirebaseAnalytics */,
				EF0D72B728E3A076004D04F5 /* FirebaseAnalyticsSwift */,
				EF0D72B928E3A076004D04F5 /* FirebaseAuth */,
				EF0D72BB28E3A076004D04F5 /* FirebaseAuthCombine-Community */,
				EF0D72BD28E3A076004D04F5 /* FirebaseCrashlytics */,
				EF0D72BF28E3A076004D04F5 /* FirebaseDatabase */,
				EF0D72C128E3A076004D04F5 /* FirebaseDatabaseSwift */,
				EF0D72C328E3A076004D04F5 /* FirebaseRemoteConfig */,
				EF0D72C528E3A076004D04F5 /* FirebaseRemoteConfigSwift */,
				EF0D72C728E3A076004D04F5 /* FirebaseStorage */,
				EF0D72C928E3A076004D04F5 /* FirebaseStorageCombine-Community */,
				EF3F358828E65F2500F668B4 /* FirebaseFirestore */,
				EF3F358A28E65F2500F668B4 /* FirebaseFirestoreCombine-Community */,
				EFE77FAA2921B82300EC45E8 /* CombineCocoa */,
				EF4803F72AB37AC30076CFBF /* DesignSystem */,
				5E1C086F2ABA33C5005F02D0 /* API */,
				5E991BDE2B0AF5C0008E38EF /* ServiceLocator */,
			);
			productName = Instagram;
			productReference = 5E4ECD4328E385D80080DE1D /* my_messenger.app */;
			productType = "com.apple.product-type.application";
		};
		5E4ECD5B28E385DA0080DE1D /* my_messengerTests */ = {
			isa = PBXNativeTarget;
			buildConfigurationList = 5E4ECD7328E385DA0080DE1D /* Build configuration list for PBXNativeTarget "my_messengerTests" */;
			buildPhases = (
				5E4ECD5828E385DA0080DE1D /* Sources */,
				5E4ECD5928E385DA0080DE1D /* Frameworks */,
				5E4ECD5A28E385DA0080DE1D /* Resources */,
			);
			buildRules = (
			);
			dependencies = (
				5E4ECD5E28E385DA0080DE1D /* PBXTargetDependency */,
			);
			name = my_messengerTests;
			productName = InstagramTests;
			productReference = 5E4ECD5C28E385DA0080DE1D /* my_messengerTests.xctest */;
			productType = "com.apple.product-type.bundle.unit-test";
		};
		5E4ECD6528E385DA0080DE1D /* my_messengerUITests */ = {
			isa = PBXNativeTarget;
			buildConfigurationList = 5E4ECD7628E385DA0080DE1D /* Build configuration list for PBXNativeTarget "my_messengerUITests" */;
			buildPhases = (
				5E4ECD6228E385DA0080DE1D /* Sources */,
				5E4ECD6328E385DA0080DE1D /* Frameworks */,
				5E4ECD6428E385DA0080DE1D /* Resources */,
			);
			buildRules = (
			);
			dependencies = (
				5E4ECD6828E385DA0080DE1D /* PBXTargetDependency */,
			);
			name = my_messengerUITests;
			productName = InstagramUITests;
			productReference = 5E4ECD6628E385DA0080DE1D /* my_messengerUITests.xctest */;
			productType = "com.apple.product-type.bundle.ui-testing";
		};
/* End PBXNativeTarget section */

/* Begin PBXProject section */
		5E4ECD3B28E385D80080DE1D /* Project object */ = {
			isa = PBXProject;
			attributes = {
				BuildIndependentTargetsInParallel = 1;
				LastSwiftUpdateCheck = 1330;
				LastUpgradeCheck = 1330;
				TargetAttributes = {
					5E4ECD4228E385D80080DE1D = {
						CreatedOnToolsVersion = 13.3.1;
					};
					5E4ECD5B28E385DA0080DE1D = {
						CreatedOnToolsVersion = 13.3.1;
						TestTargetID = 5E4ECD4228E385D80080DE1D;
					};
					5E4ECD6528E385DA0080DE1D = {
						CreatedOnToolsVersion = 13.3.1;
						TestTargetID = 5E4ECD4228E385D80080DE1D;
					};
				};
			};
			buildConfigurationList = 5E4ECD3E28E385D80080DE1D /* Build configuration list for PBXProject "my_messenger" */;
			compatibilityVersion = "Xcode 13.0";
			developmentRegion = en;
			hasScannedForEncodings = 0;
			knownRegions = (
				en,
				Base,
				nl,
				ru,
			);
			mainGroup = 5E4ECD3A28E385D80080DE1D;
			packageReferences = (
				EF0D72B428E3A076004D04F5 /* XCRemoteSwiftPackageReference "firebase-ios-sdk" */,
				EFE77FA92921B82300EC45E8 /* XCRemoteSwiftPackageReference "CombineCocoa" */,
			);
			productRefGroup = 5E4ECD4428E385D80080DE1D /* Products */;
			projectDirPath = "";
			projectRoot = "";
			targets = (
				5E4ECD4228E385D80080DE1D /* my_messenger */,
				5E4ECD5B28E385DA0080DE1D /* my_messengerTests */,
				5E4ECD6528E385DA0080DE1D /* my_messengerUITests */,
			);
		};
/* End PBXProject section */

/* Begin PBXResourcesBuildPhase section */
		5E4ECD4128E385D80080DE1D /* Resources */ = {
			isa = PBXResourcesBuildPhase;
			buildActionMask = 2147483647;
			files = (
				5E4ECD5628E385D90080DE1D /* LaunchScreen.storyboard in Resources */,
				EF67DC06290A0A2C007E30C2 /* Localizable.strings in Resources */,
				5E4ECD5328E385D90080DE1D /* Assets.xcassets in Resources */,
				EF0D72CD28E642D2004D04F5 /* GoogleService-Info.plist in Resources */,
			);
			runOnlyForDeploymentPostprocessing = 0;
		};
		5E4ECD5A28E385DA0080DE1D /* Resources */ = {
			isa = PBXResourcesBuildPhase;
			buildActionMask = 2147483647;
			files = (
			);
			runOnlyForDeploymentPostprocessing = 0;
		};
		5E4ECD6428E385DA0080DE1D /* Resources */ = {
			isa = PBXResourcesBuildPhase;
			buildActionMask = 2147483647;
			files = (
			);
			runOnlyForDeploymentPostprocessing = 0;
		};
/* End PBXResourcesBuildPhase section */

/* Begin PBXSourcesBuildPhase section */
		5E4ECD3F28E385D80080DE1D /* Sources */ = {
			isa = PBXSourcesBuildPhase;
			buildActionMask = 2147483647;
			files = (
				5E40F8D42AAD55B1007A41F6 /* SignIn.View.swift in Sources */,
				EFE77FA82920909E00EC45E8 /* UITextField+Combine.swift in Sources */,
				EF903B4C2923FB2400B4BFBB /* buttonAppereance.swift in Sources */,
				EFA2CEF02932BB67007BB0C6 /* Divider.swift in Sources */,
				EF25D64B293930C000AA7225 /* SignUp.swift in Sources */,
				EFF80DC228F7960000F830FB /* Profile.ViewController.swift in Sources */,
				EFF80D9D28F74A6100F830FB /* Profile.Factory.swift in Sources */,
				5E3610EB2B58395E0021675F /* SuffixSequence.swift in Sources */,
				5EE6AEF82AB28766004DD0DD /* Home.Screen.swift in Sources */,
				EFF80DBC28F7705C00F830FB /* Explore.Coordinator.swift in Sources */,
				5E4E7F462AFED80500C1F996 /* CurrentValueSubject+binding.swift in Sources */,
				EFDE0CD52AA91F3600899788 /* AvailabilityFeatureKey.swift in Sources */,
				EFF80D8228F7370300F830FB /* Main.Factory.swift in Sources */,
				EF25D664293CDB6B00AA7225 /* SignUp.View.swift in Sources */,
				EF903B58292408D000B4BFBB /* CoordinatorProtocol.swift in Sources */,
				EF772D422924199F009C6DF1 /* Home.Factory.swift in Sources */,
				EF25D64F293930E000AA7225 /* SignUp.Coordinator.swift in Sources */,
				EFF80D9328F7467600F830FB /* Profile.swift in Sources */,
				EFF80DAF28F76C4300F830FB /* Explore.ViewController.swift in Sources */,
				5E4ECD5128E385D80080DE1D /* Instagram.xcdatamodeld in Sources */,
				5EE6AF012AB28A65004DD0DD /* Profile.Screen.swift in Sources */,
				EFF80D7C28F72FF200F830FB /* MainController.swift in Sources */,
				EF67DC1A290F02A5007E30C2 /* UIColor+RGB.swift in Sources */,
				EF3F358028E65D4500F668B4 /* DatabaseService.swift in Sources */,
				EF903B54292401C400B4BFBB /* ButtonBuilder.swift in Sources */,
				EFF80D8D28F7431200F830FB /* Explore.swift in Sources */,
				EF67DC02290A09D6007E30C2 /* SignIn.Localization.swift in Sources */,
				EF903B57292408D000B4BFBB /* ViewModelProtocol.swift in Sources */,
				EFF80D9B28F74A5600F830FB /* Notifications.Factory.swift in Sources */,
				5EF899DF28F399CE00D43E65 /* SignIn.ViewController.swift in Sources */,
				EFE4D5882A258B950029E2F7 /* Main.Router.swift in Sources */,
				5E337A012AC7A8820040BE0F /* Color+RGB.swift in Sources */,
				EF67DC14290A10B6007E30C2 /* String+Localization.swift in Sources */,
				EFA2CF032937C497007BB0C6 /* Publisher+Extentions.swift in Sources */,
				5EF899D028F37BEF00D43E65 /* SignIn.ViewModel.swift in Sources */,
				EFDE0CD82AA9204A00899788 /* AvailabilityFeatureKey+local.swift in Sources */,
				EF8EABE42AE9D2D3007ADB0A /* Camera.ViewModel.swift in Sources */,
				EFF80DB828F76E8E00F830FB /* Notifications.Coordinator.swift in Sources */,
				EFF80D9128F7466900F830FB /* Notifications.swift in Sources */,
				EFF80DBE28F7706900F830FB /* Home.Coordinator.swift in Sources */,
				5E337A032AC7A8900040BE0F /* Colors.swift in Sources */,
				EF903B4F2923FED800B4BFBB /* image.swift in Sources */,
				EFF80D7728F7193500F830FB /* CancelBag.swift in Sources */,
				5E4E7F482B0120EC00C1F996 /* Explore.Service.swift in Sources */,
				EF4803EB2AB222C60076CFBF /* Main.Screen.swift in Sources */,
				EFDE0CCF2AA8E56000899788 /* AvailabilityProtocol.swift in Sources */,
				5EF899C428F35C8900D43E65 /* SignIn.swift in Sources */,
				5EF899CA28F3666800D43E65 /* SignIn.Factory.swift in Sources */,
				5EF899C828F35D3B00D43E65 /* SignIn.Coordinator.swift in Sources */,
				EFF80D7528F708F500F830FB /* BindableProtocol.swift in Sources */,
				EF3F358228E65D8A00F668B4 /* StorageService.swift in Sources */,
				5EE6AF172AB7600E004DD0DD /* Profile.ViewModel.swift in Sources */,
				EF3F358628E65DBA00F668B4 /* HapticsService.swift in Sources */,
				5EF899CE28F3718A00D43E65 /* SignInInputProtocol.swift in Sources */,
				5E2E0D192AAD2CB6003FC029 /* Persistence.swift in Sources */,
				EFE77FA629207F8B00EC45E8 /* CustomSubscription.swift in Sources */,
				5EE6AF1B2AB767EA004DD0DD /* Notifications.ViewModel.swift in Sources */,
				EF772D3E2924111E009C6DF1 /* textAttributesTransformer.swift in Sources */,
				EFDE0CDA2AA9206B00899788 /* AvailabilityFeatureKey+remote.swift in Sources */,
				EFF80DB628F76E8100F830FB /* Profile.Coordinator.swift in Sources */,
				EF3F358428E65DAA00F668B4 /* AnalyticsService.swift in Sources */,
				EFF80D8F28F7432100F830FB /* Camera.swift in Sources */,
				5EE6AF052AB28D20004DD0DD /* SignUp.Screen.swift in Sources */,
				5EE6AEFB2AB288E8004DD0DD /* Explore.Screen.swift in Sources */,
				5EE6AF112AB3D5E8004DD0DD /* Settings.ViewController.swift in Sources */,
				EF67DC1C2913236E007E30C2 /* Appearance.swift in Sources */,
				5EF899DD28F3968200D43E65 /* SceneDelegate.Factory.swift in Sources */,
				5EE6AF132AB3D61E004DD0DD /* Settings.Screen.swift in Sources */,
				EF3F357E28E65D3300F668B4 /* AuthService.swift in Sources */,
				EF25D651293930EB00AA7225 /* SignUp.Localization.swift in Sources */,
				EF8EABE62AE9D2EC007ADB0A /* Explore.ViewModel.swift in Sources */,
				5EE6AF152AB3D881004DD0DD /* Settings.Localization.swift in Sources */,
				5EF899CC28F36ADE00D43E65 /* SignInOutputProtocol.swift in Sources */,
				5E2E0D1C2AAD301A003FC029 /* SignIn.ViewScreen.swift in Sources */,
				EFF80DBA28F76E9D00F830FB /* Camera.Coordinator.swift in Sources */,
				5E4ECD4728E385D80080DE1D /* AppDelegate.swift in Sources */,
				EFA2CEF329342F3E007BB0C6 /* ApplicationCoordinator.swift in Sources */,
				EF7EA88C2943C335003DF8A1 /* Main.Coordinator.swift in Sources */,
				EFA2CEF629378C6C007BB0C6 /* UIButton+Extentions.swift in Sources */,
				5EE6AF082AB3D4F9004DD0DD /* Settings.swift in Sources */,
				5EE6AF0A2AB3D525004DD0DD /* Settings.Factory.swift in Sources */,
				EF67DC002901E05C007E30C2 /* GradientImageView.swift in Sources */,
				EF8EABE82AE9D2FD007ADB0A /* Home.ViewModel.swift in Sources */,
				EFE752F5291B2D5500FC0742 /* RegExpBuilder.swift in Sources */,
				EFDE0CD12AA91E6D00899788 /* AvailabilityFacade.swift in Sources */,
				EF67DC12290A0D99007E30C2 /* Localization.swift in Sources */,
				EFE752EF291B14A900FC0742 /* String+Validation.swift in Sources */,
				EFF80DAD28F76C3300F830FB /* Camera.ViewController.swift in Sources */,
				EF25D662293CCFD900AA7225 /* SignUp.ViewController.swift in Sources */,
				EF67DC1E29133507007E30C2 /* AutoLayoutDSL.swift in Sources */,
				5EE6AF0C2AB3D52C004DD0DD /* Settings.Coordinator.swift in Sources */,
				EFA2CEEE2932B675007BB0C6 /* TextDivider.swift in Sources */,
				5EE6AF202AB784B5004DD0DD /* View+eraseToAnyView.swift in Sources */,
				5E4ECD4928E385D80080DE1D /* SceneDelegate.swift in Sources */,
				EF25D660293BDB6400AA7225 /* SignUp.ViewModel.swift in Sources */,
				EFF80D9728F74A4000F830FB /* Explore.Factory.swift in Sources */,
				EF772D432924199F009C6DF1 /* Home.swift in Sources */,
				5EE6AF1D2AB775D7004DD0DD /* Notifications.Localization.swift in Sources */,
				EF67DC18290EFA9E007E30C2 /* UIView+Extentions.swift in Sources */,
				EFF80DC428F796F700F830FB /* Notifications.ViewController.swift in Sources */,
				EFF80D9928F74A4900F830FB /* Camera.Factory.swift in Sources */,
				EFF80DC028F7958200F830FB /* Home.ViewController.swift in Sources */,
				EF4803F22AB244610076CFBF /* Camera.Screen.swift in Sources */,
				EFF80D7E28F733F400F830FB /* Main.swift in Sources */,
				EFDE0CDC2AA9209300899788 /* AvailabilityFeatureKey+providers.swift in Sources */,
				5EE6AEFF2AB28A56004DD0DD /* Notifications.Screen.swift in Sources */,
				5ED222E42AFB153A00542389 /* Explore.AnimalViewModel.swift in Sources */,
				EF67DC0C290A0D2A007E30C2 /* Localized.swift in Sources */,
				EF25D64D293930CF00AA7225 /* SignUp.Factory.swift in Sources */,
			);
			runOnlyForDeploymentPostprocessing = 0;
		};
		5E4ECD5828E385DA0080DE1D /* Sources */ = {
			isa = PBXSourcesBuildPhase;
			buildActionMask = 2147483647;
			files = (
				5E4ECD6128E385DA0080DE1D /* my_messengerTests.swift in Sources */,
			);
			runOnlyForDeploymentPostprocessing = 0;
		};
		5E4ECD6228E385DA0080DE1D /* Sources */ = {
			isa = PBXSourcesBuildPhase;
			buildActionMask = 2147483647;
			files = (
				5E4ECD6B28E385DA0080DE1D /* my_messengerUITests.swift in Sources */,
				5E4ECD6D28E385DA0080DE1D /* my_messengerUITestsLaunchTests.swift in Sources */,
			);
			runOnlyForDeploymentPostprocessing = 0;
		};
/* End PBXSourcesBuildPhase section */

/* Begin PBXTargetDependency section */
		5E4ECD5E28E385DA0080DE1D /* PBXTargetDependency */ = {
			isa = PBXTargetDependency;
			target = 5E4ECD4228E385D80080DE1D /* my_messenger */;
			targetProxy = 5E4ECD5D28E385DA0080DE1D /* PBXContainerItemProxy */;
		};
		5E4ECD6828E385DA0080DE1D /* PBXTargetDependency */ = {
			isa = PBXTargetDependency;
			target = 5E4ECD4228E385D80080DE1D /* my_messenger */;
			targetProxy = 5E4ECD6728E385DA0080DE1D /* PBXContainerItemProxy */;
		};
/* End PBXTargetDependency section */

/* Begin PBXVariantGroup section */
		5E4ECD5428E385D90080DE1D /* LaunchScreen.storyboard */ = {
			isa = PBXVariantGroup;
			children = (
				5E4ECD5528E385D90080DE1D /* Base */,
			);
			name = LaunchScreen.storyboard;
			sourceTree = "<group>";
		};
		EF67DC08290A0A2C007E30C2 /* Localizable.strings */ = {
			isa = PBXVariantGroup;
			children = (
				EF67DC07290A0A2C007E30C2 /* en */,
				EF67DC09290A0A78007E30C2 /* nl */,
				EF67DC0A290A0A8C007E30C2 /* ru */,
			);
			name = Localizable.strings;
			sourceTree = "<group>";
		};
/* End PBXVariantGroup section */

/* Begin XCBuildConfiguration section */
		5E4ECD6E28E385DA0080DE1D /* Debug */ = {
			isa = XCBuildConfiguration;
			buildSettings = {
				ALWAYS_SEARCH_USER_PATHS = NO;
				CLANG_ANALYZER_LOCALIZABILITY_NONLOCALIZED = YES;
				CLANG_ANALYZER_NONNULL = YES;
				CLANG_ANALYZER_NUMBER_OBJECT_CONVERSION = YES_AGGRESSIVE;
				CLANG_CXX_LANGUAGE_STANDARD = "gnu++17";
				CLANG_ENABLE_MODULES = YES;
				CLANG_ENABLE_OBJC_ARC = YES;
				CLANG_ENABLE_OBJC_WEAK = YES;
				CLANG_WARN_BLOCK_CAPTURE_AUTORELEASING = YES;
				CLANG_WARN_BOOL_CONVERSION = YES;
				CLANG_WARN_COMMA = YES;
				CLANG_WARN_CONSTANT_CONVERSION = YES;
				CLANG_WARN_DEPRECATED_OBJC_IMPLEMENTATIONS = YES;
				CLANG_WARN_DIRECT_OBJC_ISA_USAGE = YES_ERROR;
				CLANG_WARN_DOCUMENTATION_COMMENTS = YES;
				CLANG_WARN_EMPTY_BODY = YES;
				CLANG_WARN_ENUM_CONVERSION = YES;
				CLANG_WARN_INFINITE_RECURSION = YES;
				CLANG_WARN_INT_CONVERSION = YES;
				CLANG_WARN_NON_LITERAL_NULL_CONVERSION = YES;
				CLANG_WARN_OBJC_IMPLICIT_RETAIN_SELF = YES;
				CLANG_WARN_OBJC_LITERAL_CONVERSION = YES;
				CLANG_WARN_OBJC_ROOT_CLASS = YES_ERROR;
				CLANG_WARN_QUOTED_INCLUDE_IN_FRAMEWORK_HEADER = YES;
				CLANG_WARN_RANGE_LOOP_ANALYSIS = YES;
				CLANG_WARN_STRICT_PROTOTYPES = YES;
				CLANG_WARN_SUSPICIOUS_MOVE = YES;
				CLANG_WARN_UNGUARDED_AVAILABILITY = YES_AGGRESSIVE;
				CLANG_WARN_UNREACHABLE_CODE = YES;
				CLANG_WARN__DUPLICATE_METHOD_MATCH = YES;
				COPY_PHASE_STRIP = NO;
				DEBUG_INFORMATION_FORMAT = dwarf;
				ENABLE_STRICT_OBJC_MSGSEND = YES;
				ENABLE_TESTABILITY = YES;
				GCC_C_LANGUAGE_STANDARD = gnu11;
				GCC_DYNAMIC_NO_PIC = NO;
				GCC_NO_COMMON_BLOCKS = YES;
				GCC_OPTIMIZATION_LEVEL = 0;
				GCC_PREPROCESSOR_DEFINITIONS = (
					"DEBUG=1",
					"$(inherited)",
				);
				GCC_WARN_64_TO_32_BIT_CONVERSION = YES;
				GCC_WARN_ABOUT_RETURN_TYPE = YES_ERROR;
				GCC_WARN_UNDECLARED_SELECTOR = YES;
				GCC_WARN_UNINITIALIZED_AUTOS = YES_AGGRESSIVE;
				GCC_WARN_UNUSED_FUNCTION = YES;
				GCC_WARN_UNUSED_VARIABLE = YES;
				IPHONEOS_DEPLOYMENT_TARGET = 16.4;
				MTL_ENABLE_DEBUG_INFO = INCLUDE_SOURCE;
				MTL_FAST_MATH = YES;
				ONLY_ACTIVE_ARCH = YES;
				SDKROOT = iphoneos;
				SWIFT_ACTIVE_COMPILATION_CONDITIONS = DEBUG;
				SWIFT_OPTIMIZATION_LEVEL = "-Onone";
			};
			name = Debug;
		};
		5E4ECD6F28E385DA0080DE1D /* Release */ = {
			isa = XCBuildConfiguration;
			buildSettings = {
				ALWAYS_SEARCH_USER_PATHS = NO;
				CLANG_ANALYZER_LOCALIZABILITY_NONLOCALIZED = YES;
				CLANG_ANALYZER_NONNULL = YES;
				CLANG_ANALYZER_NUMBER_OBJECT_CONVERSION = YES_AGGRESSIVE;
				CLANG_CXX_LANGUAGE_STANDARD = "gnu++17";
				CLANG_ENABLE_MODULES = YES;
				CLANG_ENABLE_OBJC_ARC = YES;
				CLANG_ENABLE_OBJC_WEAK = YES;
				CLANG_WARN_BLOCK_CAPTURE_AUTORELEASING = YES;
				CLANG_WARN_BOOL_CONVERSION = YES;
				CLANG_WARN_COMMA = YES;
				CLANG_WARN_CONSTANT_CONVERSION = YES;
				CLANG_WARN_DEPRECATED_OBJC_IMPLEMENTATIONS = YES;
				CLANG_WARN_DIRECT_OBJC_ISA_USAGE = YES_ERROR;
				CLANG_WARN_DOCUMENTATION_COMMENTS = YES;
				CLANG_WARN_EMPTY_BODY = YES;
				CLANG_WARN_ENUM_CONVERSION = YES;
				CLANG_WARN_INFINITE_RECURSION = YES;
				CLANG_WARN_INT_CONVERSION = YES;
				CLANG_WARN_NON_LITERAL_NULL_CONVERSION = YES;
				CLANG_WARN_OBJC_IMPLICIT_RETAIN_SELF = YES;
				CLANG_WARN_OBJC_LITERAL_CONVERSION = YES;
				CLANG_WARN_OBJC_ROOT_CLASS = YES_ERROR;
				CLANG_WARN_QUOTED_INCLUDE_IN_FRAMEWORK_HEADER = YES;
				CLANG_WARN_RANGE_LOOP_ANALYSIS = YES;
				CLANG_WARN_STRICT_PROTOTYPES = YES;
				CLANG_WARN_SUSPICIOUS_MOVE = YES;
				CLANG_WARN_UNGUARDED_AVAILABILITY = YES_AGGRESSIVE;
				CLANG_WARN_UNREACHABLE_CODE = YES;
				CLANG_WARN__DUPLICATE_METHOD_MATCH = YES;
				COPY_PHASE_STRIP = NO;
				DEBUG_INFORMATION_FORMAT = "dwarf-with-dsym";
				ENABLE_NS_ASSERTIONS = NO;
				ENABLE_STRICT_OBJC_MSGSEND = YES;
				GCC_C_LANGUAGE_STANDARD = gnu11;
				GCC_NO_COMMON_BLOCKS = YES;
				GCC_WARN_64_TO_32_BIT_CONVERSION = YES;
				GCC_WARN_ABOUT_RETURN_TYPE = YES_ERROR;
				GCC_WARN_UNDECLARED_SELECTOR = YES;
				GCC_WARN_UNINITIALIZED_AUTOS = YES_AGGRESSIVE;
				GCC_WARN_UNUSED_FUNCTION = YES;
				GCC_WARN_UNUSED_VARIABLE = YES;
				IPHONEOS_DEPLOYMENT_TARGET = 16.4;
				MTL_ENABLE_DEBUG_INFO = NO;
				MTL_FAST_MATH = YES;
				SDKROOT = iphoneos;
				SWIFT_COMPILATION_MODE = wholemodule;
				SWIFT_OPTIMIZATION_LEVEL = "-O";
				VALIDATE_PRODUCT = YES;
			};
			name = Release;
		};
		5E4ECD7128E385DA0080DE1D /* Debug */ = {
			isa = XCBuildConfiguration;
			buildSettings = {
				ASSETCATALOG_COMPILER_APPICON_NAME = AppIcon;
				ASSETCATALOG_COMPILER_GLOBAL_ACCENT_COLOR_NAME = AccentColor;
				CODE_SIGN_STYLE = Automatic;
				CURRENT_PROJECT_VERSION = 1;
				DEVELOPMENT_TEAM = 9396A9KSNU;
				GENERATE_INFOPLIST_FILE = YES;
				INFOPLIST_FILE = my_messenger/Resources/Resources/Info.plist;
				INFOPLIST_KEY_LSApplicationCategoryType = "public.app-category.entertainment";
				INFOPLIST_KEY_UIApplicationSupportsIndirectInputEvents = YES;
				INFOPLIST_KEY_UILaunchStoryboardName = LaunchScreen;
				INFOPLIST_KEY_UISupportedInterfaceOrientations_iPad = "UIInterfaceOrientationPortrait UIInterfaceOrientationPortraitUpsideDown UIInterfaceOrientationLandscapeLeft UIInterfaceOrientationLandscapeRight";
				INFOPLIST_KEY_UISupportedInterfaceOrientations_iPhone = "UIInterfaceOrientationPortrait UIInterfaceOrientationLandscapeLeft UIInterfaceOrientationLandscapeRight";
				IPHONEOS_DEPLOYMENT_TARGET = 16.4;
				LD_RUNPATH_SEARCH_PATHS = (
					"$(inherited)",
					"@executable_path/Frameworks",
				);
				MARKETING_VERSION = 1.0;
				PRODUCT_BUNDLE_IDENTIFIER = "self.my-messenger";
				PRODUCT_NAME = "$(TARGET_NAME)";
				SWIFT_EMIT_LOC_STRINGS = YES;
				SWIFT_VERSION = 5.0;
				TARGETED_DEVICE_FAMILY = "1,2";
			};
			name = Debug;
		};
		5E4ECD7228E385DA0080DE1D /* Release */ = {
			isa = XCBuildConfiguration;
			buildSettings = {
				ASSETCATALOG_COMPILER_APPICON_NAME = AppIcon;
				ASSETCATALOG_COMPILER_GLOBAL_ACCENT_COLOR_NAME = AccentColor;
				CODE_SIGN_STYLE = Automatic;
				CURRENT_PROJECT_VERSION = 1;
				DEVELOPMENT_TEAM = 9396A9KSNU;
				GENERATE_INFOPLIST_FILE = YES;
				INFOPLIST_FILE = my_messenger/Resources/Resources/Info.plist;
				INFOPLIST_KEY_LSApplicationCategoryType = "public.app-category.entertainment";
				INFOPLIST_KEY_UIApplicationSupportsIndirectInputEvents = YES;
				INFOPLIST_KEY_UILaunchStoryboardName = LaunchScreen;
				INFOPLIST_KEY_UISupportedInterfaceOrientations_iPad = "UIInterfaceOrientationPortrait UIInterfaceOrientationPortraitUpsideDown UIInterfaceOrientationLandscapeLeft UIInterfaceOrientationLandscapeRight";
				INFOPLIST_KEY_UISupportedInterfaceOrientations_iPhone = "UIInterfaceOrientationPortrait UIInterfaceOrientationLandscapeLeft UIInterfaceOrientationLandscapeRight";
				IPHONEOS_DEPLOYMENT_TARGET = 16.4;
				LD_RUNPATH_SEARCH_PATHS = (
					"$(inherited)",
					"@executable_path/Frameworks",
				);
				MARKETING_VERSION = 1.0;
				PRODUCT_BUNDLE_IDENTIFIER = "self.my-messenger";
				PRODUCT_NAME = "$(TARGET_NAME)";
				SWIFT_EMIT_LOC_STRINGS = YES;
				SWIFT_VERSION = 5.0;
				TARGETED_DEVICE_FAMILY = "1,2";
			};
			name = Release;
		};
		5E4ECD7428E385DA0080DE1D /* Debug */ = {
			isa = XCBuildConfiguration;
			buildSettings = {
				ALWAYS_EMBED_SWIFT_STANDARD_LIBRARIES = YES;
				BUNDLE_LOADER = "$(TEST_HOST)";
				CODE_SIGN_STYLE = Automatic;
				CURRENT_PROJECT_VERSION = 1;
				DEVELOPMENT_TEAM = 9396A9KSNU;
				GENERATE_INFOPLIST_FILE = YES;
				IPHONEOS_DEPLOYMENT_TARGET = 15.4;
				MARKETING_VERSION = 1.0;
				PRODUCT_BUNDLE_IDENTIFIER = self.InstagramTests;
				PRODUCT_NAME = "$(TARGET_NAME)";
				SWIFT_EMIT_LOC_STRINGS = NO;
				SWIFT_VERSION = 5.0;
				TARGETED_DEVICE_FAMILY = "1,2";
				TEST_HOST = "$(BUILT_PRODUCTS_DIR)/my_messenger.app/my_messenger";
			};
			name = Debug;
		};
		5E4ECD7528E385DA0080DE1D /* Release */ = {
			isa = XCBuildConfiguration;
			buildSettings = {
				ALWAYS_EMBED_SWIFT_STANDARD_LIBRARIES = YES;
				BUNDLE_LOADER = "$(TEST_HOST)";
				CODE_SIGN_STYLE = Automatic;
				CURRENT_PROJECT_VERSION = 1;
				DEVELOPMENT_TEAM = 9396A9KSNU;
				GENERATE_INFOPLIST_FILE = YES;
				IPHONEOS_DEPLOYMENT_TARGET = 15.4;
				MARKETING_VERSION = 1.0;
				PRODUCT_BUNDLE_IDENTIFIER = self.InstagramTests;
				PRODUCT_NAME = "$(TARGET_NAME)";
				SWIFT_EMIT_LOC_STRINGS = NO;
				SWIFT_VERSION = 5.0;
				TARGETED_DEVICE_FAMILY = "1,2";
				TEST_HOST = "$(BUILT_PRODUCTS_DIR)/my_messenger.app/my_messenger";
			};
			name = Release;
		};
		5E4ECD7728E385DA0080DE1D /* Debug */ = {
			isa = XCBuildConfiguration;
			buildSettings = {
				ALWAYS_EMBED_SWIFT_STANDARD_LIBRARIES = YES;
				CODE_SIGN_STYLE = Automatic;
				CURRENT_PROJECT_VERSION = 1;
				DEVELOPMENT_TEAM = 9396A9KSNU;
				GENERATE_INFOPLIST_FILE = YES;
				MARKETING_VERSION = 1.0;
				PRODUCT_BUNDLE_IDENTIFIER = self.InstagramUITests;
				PRODUCT_NAME = "$(TARGET_NAME)";
				SWIFT_EMIT_LOC_STRINGS = NO;
				SWIFT_VERSION = 5.0;
				TARGETED_DEVICE_FAMILY = "1,2";
				TEST_TARGET_NAME = Instagram;
			};
			name = Debug;
		};
		5E4ECD7828E385DA0080DE1D /* Release */ = {
			isa = XCBuildConfiguration;
			buildSettings = {
				ALWAYS_EMBED_SWIFT_STANDARD_LIBRARIES = YES;
				CODE_SIGN_STYLE = Automatic;
				CURRENT_PROJECT_VERSION = 1;
				DEVELOPMENT_TEAM = 9396A9KSNU;
				GENERATE_INFOPLIST_FILE = YES;
				MARKETING_VERSION = 1.0;
				PRODUCT_BUNDLE_IDENTIFIER = self.InstagramUITests;
				PRODUCT_NAME = "$(TARGET_NAME)";
				SWIFT_EMIT_LOC_STRINGS = NO;
				SWIFT_VERSION = 5.0;
				TARGETED_DEVICE_FAMILY = "1,2";
				TEST_TARGET_NAME = Instagram;
			};
			name = Release;
		};
/* End XCBuildConfiguration section */

/* Begin XCConfigurationList section */
		5E4ECD3E28E385D80080DE1D /* Build configuration list for PBXProject "my_messenger" */ = {
			isa = XCConfigurationList;
			buildConfigurations = (
				5E4ECD6E28E385DA0080DE1D /* Debug */,
				5E4ECD6F28E385DA0080DE1D /* Release */,
			);
			defaultConfigurationIsVisible = 0;
			defaultConfigurationName = Release;
		};
		5E4ECD7028E385DA0080DE1D /* Build configuration list for PBXNativeTarget "my_messenger" */ = {
			isa = XCConfigurationList;
			buildConfigurations = (
				5E4ECD7128E385DA0080DE1D /* Debug */,
				5E4ECD7228E385DA0080DE1D /* Release */,
			);
			defaultConfigurationIsVisible = 0;
			defaultConfigurationName = Release;
		};
		5E4ECD7328E385DA0080DE1D /* Build configuration list for PBXNativeTarget "my_messengerTests" */ = {
			isa = XCConfigurationList;
			buildConfigurations = (
				5E4ECD7428E385DA0080DE1D /* Debug */,
				5E4ECD7528E385DA0080DE1D /* Release */,
			);
			defaultConfigurationIsVisible = 0;
			defaultConfigurationName = Release;
		};
		5E4ECD7628E385DA0080DE1D /* Build configuration list for PBXNativeTarget "my_messengerUITests" */ = {
			isa = XCConfigurationList;
			buildConfigurations = (
				5E4ECD7728E385DA0080DE1D /* Debug */,
				5E4ECD7828E385DA0080DE1D /* Release */,
			);
			defaultConfigurationIsVisible = 0;
			defaultConfigurationName = Release;
		};
/* End XCConfigurationList section */

/* Begin XCRemoteSwiftPackageReference section */
		EF0D72B428E3A076004D04F5 /* XCRemoteSwiftPackageReference "firebase-ios-sdk" */ = {
			isa = XCRemoteSwiftPackageReference;
			repositoryURL = "https://github.com/firebase/firebase-ios-sdk.git";
			requirement = {
				kind = upToNextMajorVersion;
				minimumVersion = 9.0.0;
			};
		};
		EFE77FA92921B82300EC45E8 /* XCRemoteSwiftPackageReference "CombineCocoa" */ = {
			isa = XCRemoteSwiftPackageReference;
			repositoryURL = "https://github.com/CombineCommunity/CombineCocoa.git";
			requirement = {
				kind = upToNextMajorVersion;
				minimumVersion = 0.4.1;
			};
		};
/* End XCRemoteSwiftPackageReference section */

/* Begin XCSwiftPackageProductDependency section */
		5E1C086F2ABA33C5005F02D0 /* API */ = {
			isa = XCSwiftPackageProductDependency;
			productName = API;
		};
		5E991BDE2B0AF5C0008E38EF /* ServiceLocator */ = {
			isa = XCSwiftPackageProductDependency;
			productName = ServiceLocator;
		};
		EF0D72B528E3A076004D04F5 /* FirebaseAnalytics */ = {
			isa = XCSwiftPackageProductDependency;
			package = EF0D72B428E3A076004D04F5 /* XCRemoteSwiftPackageReference "firebase-ios-sdk" */;
			productName = FirebaseAnalytics;
		};
		EF0D72B728E3A076004D04F5 /* FirebaseAnalyticsSwift */ = {
			isa = XCSwiftPackageProductDependency;
			package = EF0D72B428E3A076004D04F5 /* XCRemoteSwiftPackageReference "firebase-ios-sdk" */;
			productName = FirebaseAnalyticsSwift;
		};
		EF0D72B928E3A076004D04F5 /* FirebaseAuth */ = {
			isa = XCSwiftPackageProductDependency;
			package = EF0D72B428E3A076004D04F5 /* XCRemoteSwiftPackageReference "firebase-ios-sdk" */;
			productName = FirebaseAuth;
		};
		EF0D72BB28E3A076004D04F5 /* FirebaseAuthCombine-Community */ = {
			isa = XCSwiftPackageProductDependency;
			package = EF0D72B428E3A076004D04F5 /* XCRemoteSwiftPackageReference "firebase-ios-sdk" */;
			productName = "FirebaseAuthCombine-Community";
		};
		EF0D72BD28E3A076004D04F5 /* FirebaseCrashlytics */ = {
			isa = XCSwiftPackageProductDependency;
			package = EF0D72B428E3A076004D04F5 /* XCRemoteSwiftPackageReference "firebase-ios-sdk" */;
			productName = FirebaseCrashlytics;
		};
		EF0D72BF28E3A076004D04F5 /* FirebaseDatabase */ = {
			isa = XCSwiftPackageProductDependency;
			package = EF0D72B428E3A076004D04F5 /* XCRemoteSwiftPackageReference "firebase-ios-sdk" */;
			productName = FirebaseDatabase;
		};
		EF0D72C128E3A076004D04F5 /* FirebaseDatabaseSwift */ = {
			isa = XCSwiftPackageProductDependency;
			package = EF0D72B428E3A076004D04F5 /* XCRemoteSwiftPackageReference "firebase-ios-sdk" */;
			productName = FirebaseDatabaseSwift;
		};
		EF0D72C328E3A076004D04F5 /* FirebaseRemoteConfig */ = {
			isa = XCSwiftPackageProductDependency;
			package = EF0D72B428E3A076004D04F5 /* XCRemoteSwiftPackageReference "firebase-ios-sdk" */;
			productName = FirebaseRemoteConfig;
		};
		EF0D72C528E3A076004D04F5 /* FirebaseRemoteConfigSwift */ = {
			isa = XCSwiftPackageProductDependency;
			package = EF0D72B428E3A076004D04F5 /* XCRemoteSwiftPackageReference "firebase-ios-sdk" */;
			productName = FirebaseRemoteConfigSwift;
		};
		EF0D72C728E3A076004D04F5 /* FirebaseStorage */ = {
			isa = XCSwiftPackageProductDependency;
			package = EF0D72B428E3A076004D04F5 /* XCRemoteSwiftPackageReference "firebase-ios-sdk" */;
			productName = FirebaseStorage;
		};
		EF0D72C928E3A076004D04F5 /* FirebaseStorageCombine-Community */ = {
			isa = XCSwiftPackageProductDependency;
			package = EF0D72B428E3A076004D04F5 /* XCRemoteSwiftPackageReference "firebase-ios-sdk" */;
			productName = "FirebaseStorageCombine-Community";
		};
		EF3F358828E65F2500F668B4 /* FirebaseFirestore */ = {
			isa = XCSwiftPackageProductDependency;
			package = EF0D72B428E3A076004D04F5 /* XCRemoteSwiftPackageReference "firebase-ios-sdk" */;
			productName = FirebaseFirestore;
		};
		EF3F358A28E65F2500F668B4 /* FirebaseFirestoreCombine-Community */ = {
			isa = XCSwiftPackageProductDependency;
			package = EF0D72B428E3A076004D04F5 /* XCRemoteSwiftPackageReference "firebase-ios-sdk" */;
			productName = "FirebaseFirestoreCombine-Community";
		};
		EF4803F72AB37AC30076CFBF /* DesignSystem */ = {
			isa = XCSwiftPackageProductDependency;
			productName = DesignSystem;
		};
		EFE77FAA2921B82300EC45E8 /* CombineCocoa */ = {
			isa = XCSwiftPackageProductDependency;
			package = EFE77FA92921B82300EC45E8 /* XCRemoteSwiftPackageReference "CombineCocoa" */;
			productName = CombineCocoa;
		};
/* End XCSwiftPackageProductDependency section */

/* Begin XCVersionGroup section */
		5E4ECD4F28E385D80080DE1D /* Instagram.xcdatamodeld */ = {
			isa = XCVersionGroup;
			children = (
				5E4ECD5028E385D80080DE1D /* Instagram.xcdatamodel */,
			);
			currentVersion = 5E4ECD5028E385D80080DE1D /* Instagram.xcdatamodel */;
			path = Instagram.xcdatamodeld;
			sourceTree = "<group>";
			versionGroupType = wrapper.xcdatamodel;
		};
/* End XCVersionGroup section */
	};
	rootObject = 5E4ECD3B28E385D80080DE1D /* Project object */;
}
